// !$*UTF8*$!
{
	archiveVersion = 1;
	classes = {
	};
	objectVersion = 50;
	objects = {

/* Begin PBXBuildFile section */
		4A7A00E2C1615A0246B27421 /* libPods-ShuShangShuo.a in Frameworks */ = {isa = PBXBuildFile; fileRef = 85667DF2E0DA67917D6CDCC7 /* libPods-ShuShangShuo.a */; };
		5A254BE820C5272F00C45FF8 /* UIView+Frame.m in Sources */ = {isa = PBXBuildFile; fileRef = 5A254BE720C5272F00C45FF8 /* UIView+Frame.m */; };
		5A254BED20C5284E00C45FF8 /* RootTabBarController.m in Sources */ = {isa = PBXBuildFile; fileRef = 5A254BEC20C5284E00C45FF8 /* RootTabBarController.m */; };
		5A254BF420C531BA00C45FF8 /* BookshelfViewController.m in Sources */ = {isa = PBXBuildFile; fileRef = 5A254BF320C531BA00C45FF8 /* BookshelfViewController.m */; };
		5A254BFC20C57F1C00C45FF8 /* SPPageMenu.m in Sources */ = {isa = PBXBuildFile; fileRef = 5A254BFA20C57F1C00C45FF8 /* SPPageMenu.m */; };
		5A254BFF20C58B8600C45FF8 /* SettingViewController.m in Sources */ = {isa = PBXBuildFile; fileRef = 5A254BFE20C58B8600C45FF8 /* SettingViewController.m */; };
		5A254C0320C5965C00C45FF8 /* SettingTableCell.m in Sources */ = {isa = PBXBuildFile; fileRef = 5A254C0220C5965C00C45FF8 /* SettingTableCell.m */; };
		5A254C0720C6910500C45FF8 /* IPSettingViewController.m in Sources */ = {isa = PBXBuildFile; fileRef = 5A254C0620C6910500C45FF8 /* IPSettingViewController.m */; };
		5A254C1820C6CACD00C45FF8 /* SGQRCode.bundle in Resources */ = {isa = PBXBuildFile; fileRef = 5A254C0A20C6CACD00C45FF8 /* SGQRCode.bundle */; };
		5A254C1920C6CACD00C45FF8 /* UIImage+ImageSize.m in Sources */ = {isa = PBXBuildFile; fileRef = 5A254C0D20C6CACD00C45FF8 /* UIImage+ImageSize.m */; };
		5A254C1A20C6CACD00C45FF8 /* SGQRCodeHelperTool.m in Sources */ = {isa = PBXBuildFile; fileRef = 5A254C0E20C6CACD00C45FF8 /* SGQRCodeHelperTool.m */; };
		5A254C1B20C6CACD00C45FF8 /* SGQRCodeScanningView.m in Sources */ = {isa = PBXBuildFile; fileRef = 5A254C0F20C6CACD00C45FF8 /* SGQRCodeScanningView.m */; };
		5A254C1C20C6CACD00C45FF8 /* SGQRCodeScanManager.m in Sources */ = {isa = PBXBuildFile; fileRef = 5A254C1020C6CACD00C45FF8 /* SGQRCodeScanManager.m */; };
		5A254C1D20C6CACD00C45FF8 /* SGQRCodeGenerateManager.m in Sources */ = {isa = PBXBuildFile; fileRef = 5A254C1120C6CACD00C45FF8 /* SGQRCodeGenerateManager.m */; };
		5A254C1E20C6CACD00C45FF8 /* SGQRCodeAlbumManager.m in Sources */ = {isa = PBXBuildFile; fileRef = 5A254C1620C6CACD00C45FF8 /* SGQRCodeAlbumManager.m */; };
		5A254C2220C6CC6100C45FF8 /* SGQRCodeScanningVC.m in Sources */ = {isa = PBXBuildFile; fileRef = 5A254C2020C6CC6000C45FF8 /* SGQRCodeScanningVC.m */; };
		5A254C2520C6CF9500C45FF8 /* HomeViewController.m in Sources */ = {isa = PBXBuildFile; fileRef = 5A254C2420C6CF9500C45FF8 /* HomeViewController.m */; };
		5A254C2A20C6D4DD00C45FF8 /* BookshelfCollectionCell.m in Sources */ = {isa = PBXBuildFile; fileRef = 5A254C2920C6D4DD00C45FF8 /* BookshelfCollectionCell.m */; };
		5A254C2D20C6D76300C45FF8 /* HistorySearchViewController.m in Sources */ = {isa = PBXBuildFile; fileRef = 5A254C2C20C6D76300C45FF8 /* HistorySearchViewController.m */; };
		5A51170720D128F2004EEFDA /* LSYReadConfig.m in Sources */ = {isa = PBXBuildFile; fileRef = 5A51169820D128F2004EEFDA /* LSYReadConfig.m */; };
		5A51170820D128F2004EEFDA /* LSYReadParser.m in Sources */ = {isa = PBXBuildFile; fileRef = 5A51169A20D128F2004EEFDA /* LSYReadParser.m */; };
		5A51170920D128F2004EEFDA /* LSYReadUtilites.m in Sources */ = {isa = PBXBuildFile; fileRef = 5A51169C20D128F2004EEFDA /* LSYReadUtilites.m */; };
		5A51170A20D128F2004EEFDA /* unzip.c in Sources */ = {isa = PBXBuildFile; fileRef = 5A5116A620D128F2004EEFDA /* unzip.c */; };
		5A51170B20D128F2004EEFDA /* zip.c in Sources */ = {isa = PBXBuildFile; fileRef = 5A5116A720D128F2004EEFDA /* zip.c */; };
		5A51170C20D128F2004EEFDA /* ioapi.c in Sources */ = {isa = PBXBuildFile; fileRef = 5A5116A820D128F2004EEFDA /* ioapi.c */; };
		5A51170D20D128F2004EEFDA /* mztools.c in Sources */ = {isa = PBXBuildFile; fileRef = 5A5116A920D128F2004EEFDA /* mztools.c */; };
		5A51170E20D128F2004EEFDA /* ZipArchive.mm in Sources */ = {isa = PBXBuildFile; fileRef = 5A5116AF20D128F2004EEFDA /* ZipArchive.mm */; settings = {COMPILER_FLAGS = "-fno-objc-arc"; }; };
		5A51170F20D128F2004EEFDA /* CXMLDocument.m in Sources */ = {isa = PBXBuildFile; fileRef = 5A5116B220D128F2004EEFDA /* CXMLDocument.m */; };
		5A51171020D128F2004EEFDA /* CXMLNode.m in Sources */ = {isa = PBXBuildFile; fileRef = 5A5116B320D128F2004EEFDA /* CXMLNode.m */; };
		5A51171120D128F2004EEFDA /* CXMLNamespaceNode.m in Sources */ = {isa = PBXBuildFile; fileRef = 5A5116B420D128F2004EEFDA /* CXMLNamespaceNode.m */; };
		5A51171220D128F2004EEFDA /* CXMLNode_XPathExtensions.m in Sources */ = {isa = PBXBuildFile; fileRef = 5A5116B520D128F2004EEFDA /* CXMLNode_XPathExtensions.m */; };
		5A51171320D128F2004EEFDA /* CXMLNode_PrivateExtensions.m in Sources */ = {isa = PBXBuildFile; fileRef = 5A5116B720D128F2004EEFDA /* CXMLNode_PrivateExtensions.m */; };
		5A51171420D128F2004EEFDA /* CXMLUnsupportedNode.m in Sources */ = {isa = PBXBuildFile; fileRef = 5A5116BA20D128F2004EEFDA /* CXMLUnsupportedNode.m */; };
		5A51171520D128F2004EEFDA /* CXMLElement_ElementTreeExtensions.m in Sources */ = {isa = PBXBuildFile; fileRef = 5A5116BB20D128F2004EEFDA /* CXMLElement_ElementTreeExtensions.m */; };
		5A51171620D128F2004EEFDA /* CXMLNode_CreationExtensions.m in Sources */ = {isa = PBXBuildFile; fileRef = 5A5116C520D128F2004EEFDA /* CXMLNode_CreationExtensions.m */; };
		5A51171720D128F2004EEFDA /* CXMLDocument_CreationExtensions.m in Sources */ = {isa = PBXBuildFile; fileRef = 5A5116C620D128F2004EEFDA /* CXMLDocument_CreationExtensions.m */; };
		5A51171820D128F2004EEFDA /* CTidy.m in Sources */ = {isa = PBXBuildFile; fileRef = 5A5116C920D128F2004EEFDA /* CTidy.m */; };
		5A51171920D128F2004EEFDA /* CXMLDocument_PrivateExtensions.m in Sources */ = {isa = PBXBuildFile; fileRef = 5A5116CA20D128F2004EEFDA /* CXMLDocument_PrivateExtensions.m */; };
		5A51171A20D128F2004EEFDA /* CXHTMLDocument.m in Sources */ = {isa = PBXBuildFile; fileRef = 5A5116CB20D128F2004EEFDA /* CXHTMLDocument.m */; };
		5A51171B20D128F2004EEFDA /* CXMLElement_CreationExtensions.m in Sources */ = {isa = PBXBuildFile; fileRef = 5A5116CD20D128F2004EEFDA /* CXMLElement_CreationExtensions.m */; };
		5A51171C20D128F2004EEFDA /* CXMLElement.m in Sources */ = {isa = PBXBuildFile; fileRef = 5A5116CE20D128F2004EEFDA /* CXMLElement.m */; };
		5A51171D20D128F2004EEFDA /* LSYViewPagerVC.m in Sources */ = {isa = PBXBuildFile; fileRef = 5A5116D120D128F2004EEFDA /* LSYViewPagerVC.m */; };
		5A51171E20D128F2004EEFDA /* NSString+HTML.m in Sources */ = {isa = PBXBuildFile; fileRef = 5A5116D320D128F2004EEFDA /* NSString+HTML.m */; settings = {COMPILER_FLAGS = "-fno-objc-arc"; }; };
		5A51171F20D128F2004EEFDA /* UIImage+ImageEffects.m in Sources */ = {isa = PBXBuildFile; fileRef = 5A5116D420D128F2004EEFDA /* UIImage+ImageEffects.m */; };
		5A51172020D128F2004EEFDA /* GTMNSString+HTML.m in Sources */ = {isa = PBXBuildFile; fileRef = 5A5116D520D128F2004EEFDA /* GTMNSString+HTML.m */; settings = {COMPILER_FLAGS = "-fno-objc-arc"; }; };
		5A51172120D128F2004EEFDA /* LSYCatalogViewController.m in Sources */ = {isa = PBXBuildFile; fileRef = 5A5116D720D128F2004EEFDA /* LSYCatalogViewController.m */; };
		5A51172220D128F2004EEFDA /* LSYReadViewController.m in Sources */ = {isa = PBXBuildFile; fileRef = 5A5116D820D128F2004EEFDA /* LSYReadViewController.m */; };
		5A51172320D128F2004EEFDA /* LSYReadPageViewController.m in Sources */ = {isa = PBXBuildFile; fileRef = 5A5116D920D128F2004EEFDA /* LSYReadPageViewController.m */; };
		5A51172420D128F2004EEFDA /* LSYMarkModel.m in Sources */ = {isa = PBXBuildFile; fileRef = 5A5116DE20D128F2004EEFDA /* LSYMarkModel.m */; };
		5A51172520D128F2004EEFDA /* LSYRecordModel.m in Sources */ = {isa = PBXBuildFile; fileRef = 5A5116DF20D128F2004EEFDA /* LSYRecordModel.m */; };
		5A51172620D128F2004EEFDA /* LSYChapterModel.m in Sources */ = {isa = PBXBuildFile; fileRef = 5A5116E020D128F2004EEFDA /* LSYChapterModel.m */; };
		5A51172720D128F2004EEFDA /* LSYReadModel.m in Sources */ = {isa = PBXBuildFile; fileRef = 5A5116E120D128F2004EEFDA /* LSYReadModel.m */; };
		5A51172820D128F2004EEFDA /* LSYNoteModel.m in Sources */ = {isa = PBXBuildFile; fileRef = 5A5116E320D128F2004EEFDA /* LSYNoteModel.m */; };
		5A51172920D128F2004EEFDA /* LSYSettingView.m in Sources */ = {isa = PBXBuildFile; fileRef = 5A5116E620D128F2004EEFDA /* LSYSettingView.m */; };
		5A51172A20D128F2004EEFDA /* LSYBottomMenuView.m in Sources */ = {isa = PBXBuildFile; fileRef = 5A5116E720D128F2004EEFDA /* LSYBottomMenuView.m */; };
		5A51172B20D128F2004EEFDA /* LSYTopMenuView.m in Sources */ = {isa = PBXBuildFile; fileRef = 5A5116E820D128F2004EEFDA /* LSYTopMenuView.m */; };
		5A51172C20D128F2004EEFDA /* LSYMenuView.m in Sources */ = {isa = PBXBuildFile; fileRef = 5A5116EE20D128F2004EEFDA /* LSYMenuView.m */; };
		5A51172D20D128F2004EEFDA /* LSYMagnifierView.m in Sources */ = {isa = PBXBuildFile; fileRef = 5A5116EF20D128F2004EEFDA /* LSYMagnifierView.m */; };
		5A51172E20D128F2004EEFDA /* reader_moon@2X.png in Resources */ = {isa = PBXBuildFile; fileRef = 5A5116F120D128F2004EEFDA /* reader_moon@2X.png */; };
		5A51172F20D128F2004EEFDA /* sale_discount_yellow.png in Resources */ = {isa = PBXBuildFile; fileRef = 5A5116F220D128F2004EEFDA /* sale_discount_yellow.png */; };
		5A51173020D128F2004EEFDA /* bg_back_white.png in Resources */ = {isa = PBXBuildFile; fileRef = 5A5116F320D128F2004EEFDA /* bg_back_white.png */; };
		5A51173220D128F2004EEFDA /* ic_add.png in Resources */ = {isa = PBXBuildFile; fileRef = 5A5116F520D128F2004EEFDA /* ic_add.png */; };
		5A51173320D128F2004EEFDA /* reader_sun@2X.png in Resources */ = {isa = PBXBuildFile; fileRef = 5A5116F620D128F2004EEFDA /* reader_sun@2X.png */; };
		5A51173420D128F2004EEFDA /* bt_tjcp_no@2x.png in Resources */ = {isa = PBXBuildFile; fileRef = 5A5116F720D128F2004EEFDA /* bt_tjcp_no@2x.png */; };
		5A51173520D128F2004EEFDA /* bg_back_white@2x.png in Resources */ = {isa = PBXBuildFile; fileRef = 5A5116F820D128F2004EEFDA /* bg_back_white@2x.png */; };
		5A51173620D128F2004EEFDA /* reader_cover@2x.png in Resources */ = {isa = PBXBuildFile; fileRef = 5A5116F920D128F2004EEFDA /* reader_cover@2x.png */; };
		5A51173820D128F2004EEFDA /* r_drag-dot@2x.png in Resources */ = {isa = PBXBuildFile; fileRef = 5A5116FB20D128F2004EEFDA /* r_drag-dot@2x.png */; };
		5A51173920D128F2004EEFDA /* reader_more@2x.png in Resources */ = {isa = PBXBuildFile; fileRef = 5A5116FC20D128F2004EEFDA /* reader_more@2x.png */; };
		5A51173A20D128F2004EEFDA /* LSYNoteVC.m in Sources */ = {isa = PBXBuildFile; fileRef = 5A5116FF20D128F2004EEFDA /* LSYNoteVC.m */; };
		5A51173B20D128F2004EEFDA /* LSYChapterVC.m in Sources */ = {isa = PBXBuildFile; fileRef = 5A51170220D128F2004EEFDA /* LSYChapterVC.m */; };
		5A51173C20D128F2004EEFDA /* LSYMarkVC.m in Sources */ = {isa = PBXBuildFile; fileRef = 5A51170320D128F2004EEFDA /* LSYMarkVC.m */; };
		5A51173D20D128F2004EEFDA /* LSYReadView.m in Sources */ = {isa = PBXBuildFile; fileRef = 5A51170620D128F2004EEFDA /* LSYReadView.m */; };
		5A51174120D1583C004EEFDA /* SVerticalButton.m in Sources */ = {isa = PBXBuildFile; fileRef = 5A51174020D1583C004EEFDA /* SVerticalButton.m */; };
		5A51174420D160F1004EEFDA /* AESCipher.m in Sources */ = {isa = PBXBuildFile; fileRef = 5A51174320D160F1004EEFDA /* AESCipher.m */; };
		5A51174D20D16123004EEFDA /* HSSessionModel.m in Sources */ = {isa = PBXBuildFile; fileRef = 5A51174620D16123004EEFDA /* HSSessionModel.m */; };
		5A51174E20D16123004EEFDA /* NSString+Hash.m in Sources */ = {isa = PBXBuildFile; fileRef = 5A51174820D16123004EEFDA /* NSString+Hash.m */; };
		5A51174F20D16123004EEFDA /* HSDownloadManager.m in Sources */ = {isa = PBXBuildFile; fileRef = 5A51174C20D16123004EEFDA /* HSDownloadManager.m */; };
		5A51175320D161CE004EEFDA /* SProgressHUD.m in Sources */ = {isa = PBXBuildFile; fileRef = 5A51175120D161CE004EEFDA /* SProgressHUD.m */; };
		5A51176020D17B47004EEFDA /* DownLoadEpubFileTool.m in Sources */ = {isa = PBXBuildFile; fileRef = 5A51175F20D17B47004EEFDA /* DownLoadEpubFileTool.m */; };
		5A842C7F20DA89010082C8CF /* YcmccwcY0BB222FqY.5cb in Resources */ = {isa = PBXBuildFile; fileRef = 5A842C7A20DA89000082C8CF /* YcmccwcY0BB222FqY.5cb */; };
		5A842C8020DA89010082C8CF /* YcmccwcY0II556rvY.5cb in Resources */ = {isa = PBXBuildFile; fileRef = 5A842C7B20DA89010082C8CF /* YcmccwcY0II556rvY.5cb */; };
		5A842C8120DA89010082C8CF /* YcmccwcY0I0I0IuLY.5cb in Resources */ = {isa = PBXBuildFile; fileRef = 5A842C7C20DA89010082C8CF /* YcmccwcY0I0I0IuLY.5cb */; };
		5A842C8220DA89010082C8CF /* YcmccwcY0II556IyY.5cb in Resources */ = {isa = PBXBuildFile; fileRef = 5A842C7D20DA89010082C8CF /* YcmccwcY0II556IyY.5cb */; };
		5A842C8320DA89010082C8CF /* YcmccwcY0II221BvY.5cb in Resources */ = {isa = PBXBuildFile; fileRef = 5A842C7E20DA89010082C8CF /* YcmccwcY0II221BvY.5cb */; };
		5A842C8A20DB4D810082C8CF /* SearchTableCell.m in Sources */ = {isa = PBXBuildFile; fileRef = 5A842C8920DB4D810082C8CF /* SearchTableCell.m */; };
		5A842C8E20DBDF400082C8CF /* BookInfoModel.m in Sources */ = {isa = PBXBuildFile; fileRef = 5A842C8D20DBDF400082C8CF /* BookInfoModel.m */; };
		5A8BD77A20C823970013ADBE /* libz.tbd in Frameworks */ = {isa = PBXBuildFile; fileRef = 5A8BD77920C823970013ADBE /* libz.tbd */; };
		5A8BD77C20C824630013ADBE /* libxml2.tbd in Frameworks */ = {isa = PBXBuildFile; fileRef = 5A8BD77B20C824630013ADBE /* libxml2.tbd */; };
		5A950D1320D3AA1D0034C521 /* AboutUSViewController.m in Sources */ = {isa = PBXBuildFile; fileRef = 5A950D1220D3AA1D0034C521 /* AboutUSViewController.m */; };
		5ACC53E720C39DC9001F3F58 /* AppDelegate.m in Sources */ = {isa = PBXBuildFile; fileRef = 5ACC53E620C39DC9001F3F58 /* AppDelegate.m */; };
		5ACC53EF20C39DCA001F3F58 /* Assets.xcassets in Resources */ = {isa = PBXBuildFile; fileRef = 5ACC53EE20C39DCA001F3F58 /* Assets.xcassets */; };
		5ACC53F520C39DCA001F3F58 /* main.m in Sources */ = {isa = PBXBuildFile; fileRef = 5ACC53F420C39DCA001F3F58 /* main.m */; };
		5ACC540D20C3C729001F3F58 /* BaseNavigationController.m in Sources */ = {isa = PBXBuildFile; fileRef = 5ACC540C20C3C729001F3F58 /* BaseNavigationController.m */; };
		5ACC541020C3C74E001F3F58 /* BaseViewController.m in Sources */ = {isa = PBXBuildFile; fileRef = 5ACC540F20C3C74E001F3F58 /* BaseViewController.m */; };
		5ACC541320C3C772001F3F58 /* RefreshBaseViewController.m in Sources */ = {isa = PBXBuildFile; fileRef = 5ACC541220C3C772001F3F58 /* RefreshBaseViewController.m */; };
		5ACC541720C3CD27001F3F58 /* UIResponder+Router.m in Sources */ = {isa = PBXBuildFile; fileRef = 5ACC541620C3CD27001F3F58 /* UIResponder+Router.m */; };
		5ACC541C20C4EA4D001F3F58 /* UIColor+String.m in Sources */ = {isa = PBXBuildFile; fileRef = 5ACC541B20C4EA4D001F3F58 /* UIColor+String.m */; };
		5ACC542020C50FC6001F3F58 /* NSData+CommonCrypto.m in Sources */ = {isa = PBXBuildFile; fileRef = 5ACC541E20C50FC5001F3F58 /* NSData+CommonCrypto.m */; };
		5ACC542320C51047001F3F58 /* PrivacyFuncTool.m in Sources */ = {isa = PBXBuildFile; fileRef = 5ACC542220C51047001F3F58 /* PrivacyFuncTool.m */; };
		5ACC542820C524EE001F3F58 /* STabBar.m in Sources */ = {isa = PBXBuildFile; fileRef = 5ACC542720C524EE001F3F58 /* STabBar.m */; };
/* End PBXBuildFile section */

/* Begin PBXFileReference section */
		5A254BE620C5272F00C45FF8 /* UIView+Frame.h */ = {isa = PBXFileReference; lastKnownFileType = sourcecode.c.h; path = "UIView+Frame.h"; sourceTree = "<group>"; };
		5A254BE720C5272F00C45FF8 /* UIView+Frame.m */ = {isa = PBXFileReference; lastKnownFileType = sourcecode.c.objc; path = "UIView+Frame.m"; sourceTree = "<group>"; };
		5A254BEB20C5284E00C45FF8 /* RootTabBarController.h */ = {isa = PBXFileReference; lastKnownFileType = sourcecode.c.h; path = RootTabBarController.h; sourceTree = "<group>"; };
		5A254BEC20C5284E00C45FF8 /* RootTabBarController.m */ = {isa = PBXFileReference; lastKnownFileType = sourcecode.c.objc; path = RootTabBarController.m; sourceTree = "<group>"; };
		5A254BF220C531BA00C45FF8 /* BookshelfViewController.h */ = {isa = PBXFileReference; lastKnownFileType = sourcecode.c.h; path = BookshelfViewController.h; sourceTree = "<group>"; };
		5A254BF320C531BA00C45FF8 /* BookshelfViewController.m */ = {isa = PBXFileReference; lastKnownFileType = sourcecode.c.objc; path = BookshelfViewController.m; sourceTree = "<group>"; };
		5A254BFA20C57F1C00C45FF8 /* SPPageMenu.m */ = {isa = PBXFileReference; fileEncoding = 4; lastKnownFileType = sourcecode.c.objc; path = SPPageMenu.m; sourceTree = "<group>"; };
		5A254BFB20C57F1C00C45FF8 /* SPPageMenu.h */ = {isa = PBXFileReference; fileEncoding = 4; lastKnownFileType = sourcecode.c.h; path = SPPageMenu.h; sourceTree = "<group>"; };
		5A254BFD20C58B8600C45FF8 /* SettingViewController.h */ = {isa = PBXFileReference; lastKnownFileType = sourcecode.c.h; path = SettingViewController.h; sourceTree = "<group>"; };
		5A254BFE20C58B8600C45FF8 /* SettingViewController.m */ = {isa = PBXFileReference; lastKnownFileType = sourcecode.c.objc; path = SettingViewController.m; sourceTree = "<group>"; };
		5A254C0120C5965C00C45FF8 /* SettingTableCell.h */ = {isa = PBXFileReference; lastKnownFileType = sourcecode.c.h; path = SettingTableCell.h; sourceTree = "<group>"; };
		5A254C0220C5965C00C45FF8 /* SettingTableCell.m */ = {isa = PBXFileReference; lastKnownFileType = sourcecode.c.objc; path = SettingTableCell.m; sourceTree = "<group>"; };
		5A254C0520C6910500C45FF8 /* IPSettingViewController.h */ = {isa = PBXFileReference; lastKnownFileType = sourcecode.c.h; path = IPSettingViewController.h; sourceTree = "<group>"; };
		5A254C0620C6910500C45FF8 /* IPSettingViewController.m */ = {isa = PBXFileReference; lastKnownFileType = sourcecode.c.objc; path = IPSettingViewController.m; sourceTree = "<group>"; };
		5A254C0920C6CACD00C45FF8 /* SGQRCode.h */ = {isa = PBXFileReference; fileEncoding = 4; lastKnownFileType = sourcecode.c.h; path = SGQRCode.h; sourceTree = "<group>"; };
		5A254C0A20C6CACD00C45FF8 /* SGQRCode.bundle */ = {isa = PBXFileReference; lastKnownFileType = "wrapper.plug-in"; path = SGQRCode.bundle; sourceTree = "<group>"; };
		5A254C0C20C6CACD00C45FF8 /* UIImage+ImageSize.h */ = {isa = PBXFileReference; fileEncoding = 4; lastKnownFileType = sourcecode.c.h; path = "UIImage+ImageSize.h"; sourceTree = "<group>"; };
		5A254C0D20C6CACD00C45FF8 /* UIImage+ImageSize.m */ = {isa = PBXFileReference; fileEncoding = 4; lastKnownFileType = sourcecode.c.objc; path = "UIImage+ImageSize.m"; sourceTree = "<group>"; };
		5A254C0E20C6CACD00C45FF8 /* SGQRCodeHelperTool.m */ = {isa = PBXFileReference; fileEncoding = 4; lastKnownFileType = sourcecode.c.objc; path = SGQRCodeHelperTool.m; sourceTree = "<group>"; };
		5A254C0F20C6CACD00C45FF8 /* SGQRCodeScanningView.m */ = {isa = PBXFileReference; fileEncoding = 4; lastKnownFileType = sourcecode.c.objc; path = SGQRCodeScanningView.m; sourceTree = "<group>"; };
		5A254C1020C6CACD00C45FF8 /* SGQRCodeScanManager.m */ = {isa = PBXFileReference; fileEncoding = 4; lastKnownFileType = sourcecode.c.objc; path = SGQRCodeScanManager.m; sourceTree = "<group>"; };
		5A254C1120C6CACD00C45FF8 /* SGQRCodeGenerateManager.m */ = {isa = PBXFileReference; fileEncoding = 4; lastKnownFileType = sourcecode.c.objc; path = SGQRCodeGenerateManager.m; sourceTree = "<group>"; };
		5A254C1220C6CACD00C45FF8 /* SGQRCodeAlbumManager.h */ = {isa = PBXFileReference; fileEncoding = 4; lastKnownFileType = sourcecode.c.h; path = SGQRCodeAlbumManager.h; sourceTree = "<group>"; };
		5A254C1320C6CACD00C45FF8 /* SGQRCodeHelperTool.h */ = {isa = PBXFileReference; fileEncoding = 4; lastKnownFileType = sourcecode.c.h; path = SGQRCodeHelperTool.h; sourceTree = "<group>"; };
		5A254C1420C6CACD00C45FF8 /* SGQRCodeScanningView.h */ = {isa = PBXFileReference; fileEncoding = 4; lastKnownFileType = sourcecode.c.h; path = SGQRCodeScanningView.h; sourceTree = "<group>"; };
		5A254C1520C6CACD00C45FF8 /* SGQRCodeScanManager.h */ = {isa = PBXFileReference; fileEncoding = 4; lastKnownFileType = sourcecode.c.h; path = SGQRCodeScanManager.h; sourceTree = "<group>"; };
		5A254C1620C6CACD00C45FF8 /* SGQRCodeAlbumManager.m */ = {isa = PBXFileReference; fileEncoding = 4; lastKnownFileType = sourcecode.c.objc; path = SGQRCodeAlbumManager.m; sourceTree = "<group>"; };
		5A254C1720C6CACD00C45FF8 /* SGQRCodeGenerateManager.h */ = {isa = PBXFileReference; fileEncoding = 4; lastKnownFileType = sourcecode.c.h; path = SGQRCodeGenerateManager.h; sourceTree = "<group>"; };
		5A254C2020C6CC6000C45FF8 /* SGQRCodeScanningVC.m */ = {isa = PBXFileReference; fileEncoding = 4; lastKnownFileType = sourcecode.c.objc; path = SGQRCodeScanningVC.m; sourceTree = "<group>"; };
		5A254C2120C6CC6000C45FF8 /* SGQRCodeScanningVC.h */ = {isa = PBXFileReference; fileEncoding = 4; lastKnownFileType = sourcecode.c.h; path = SGQRCodeScanningVC.h; sourceTree = "<group>"; };
		5A254C2320C6CF9500C45FF8 /* HomeViewController.h */ = {isa = PBXFileReference; lastKnownFileType = sourcecode.c.h; path = HomeViewController.h; sourceTree = "<group>"; };
		5A254C2420C6CF9500C45FF8 /* HomeViewController.m */ = {isa = PBXFileReference; lastKnownFileType = sourcecode.c.objc; path = HomeViewController.m; sourceTree = "<group>"; };
		5A254C2820C6D4DD00C45FF8 /* BookshelfCollectionCell.h */ = {isa = PBXFileReference; lastKnownFileType = sourcecode.c.h; path = BookshelfCollectionCell.h; sourceTree = "<group>"; };
		5A254C2920C6D4DD00C45FF8 /* BookshelfCollectionCell.m */ = {isa = PBXFileReference; lastKnownFileType = sourcecode.c.objc; path = BookshelfCollectionCell.m; sourceTree = "<group>"; };
		5A254C2B20C6D76300C45FF8 /* HistorySearchViewController.h */ = {isa = PBXFileReference; lastKnownFileType = sourcecode.c.h; path = HistorySearchViewController.h; sourceTree = "<group>"; };
		5A254C2C20C6D76300C45FF8 /* HistorySearchViewController.m */ = {isa = PBXFileReference; lastKnownFileType = sourcecode.c.objc; path = HistorySearchViewController.m; sourceTree = "<group>"; };
		5A51169620D128F2004EEFDA /* LSYReadPageViewController.h */ = {isa = PBXFileReference; fileEncoding = 4; lastKnownFileType = sourcecode.c.h; path = LSYReadPageViewController.h; sourceTree = "<group>"; };
		5A51169820D128F2004EEFDA /* LSYReadConfig.m */ = {isa = PBXFileReference; fileEncoding = 4; lastKnownFileType = sourcecode.c.objc; path = LSYReadConfig.m; sourceTree = "<group>"; };
		5A51169920D128F2004EEFDA /* LSYReadUtilites.h */ = {isa = PBXFileReference; fileEncoding = 4; lastKnownFileType = sourcecode.c.h; path = LSYReadUtilites.h; sourceTree = "<group>"; };
		5A51169A20D128F2004EEFDA /* LSYReadParser.m */ = {isa = PBXFileReference; fileEncoding = 4; lastKnownFileType = sourcecode.c.objc; path = LSYReadParser.m; sourceTree = "<group>"; };
		5A51169B20D128F2004EEFDA /* LSYReadConfig.h */ = {isa = PBXFileReference; fileEncoding = 4; lastKnownFileType = sourcecode.c.h; path = LSYReadConfig.h; sourceTree = "<group>"; };
		5A51169C20D128F2004EEFDA /* LSYReadUtilites.m */ = {isa = PBXFileReference; fileEncoding = 4; lastKnownFileType = sourcecode.c.objc; path = LSYReadUtilites.m; sourceTree = "<group>"; };
		5A51169D20D128F2004EEFDA /* LSYReadParser.h */ = {isa = PBXFileReference; fileEncoding = 4; lastKnownFileType = sourcecode.c.h; path = LSYReadParser.h; sourceTree = "<group>"; };
		5A51169F20D128F2004EEFDA /* LSYViewPagerVC.h */ = {isa = PBXFileReference; fileEncoding = 4; lastKnownFileType = sourcecode.c.h; path = LSYViewPagerVC.h; sourceTree = "<group>"; };
		5A5116A020D128F2004EEFDA /* UIImage+ImageEffects.h */ = {isa = PBXFileReference; fileEncoding = 4; lastKnownFileType = sourcecode.c.h; path = "UIImage+ImageEffects.h"; sourceTree = "<group>"; };
		5A5116A120D128F2004EEFDA /* NSString+HTML.h */ = {isa = PBXFileReference; fileEncoding = 4; lastKnownFileType = sourcecode.c.h; path = "NSString+HTML.h"; sourceTree = "<group>"; };
		5A5116A220D128F2004EEFDA /* GTMNSString+HTML.h */ = {isa = PBXFileReference; fileEncoding = 4; lastKnownFileType = sourcecode.c.h; path = "GTMNSString+HTML.h"; sourceTree = "<group>"; };
		5A5116A420D128F2004EEFDA /* ZipArchive.h */ = {isa = PBXFileReference; fileEncoding = 4; lastKnownFileType = sourcecode.c.h; path = ZipArchive.h; sourceTree = "<group>"; };
		5A5116A620D128F2004EEFDA /* unzip.c */ = {isa = PBXFileReference; fileEncoding = 4; lastKnownFileType = sourcecode.c.c; path = unzip.c; sourceTree = "<group>"; };
		5A5116A720D128F2004EEFDA /* zip.c */ = {isa = PBXFileReference; fileEncoding = 4; lastKnownFileType = sourcecode.c.c; path = zip.c; sourceTree = "<group>"; };
		5A5116A820D128F2004EEFDA /* ioapi.c */ = {isa = PBXFileReference; fileEncoding = 4; lastKnownFileType = sourcecode.c.c; path = ioapi.c; sourceTree = "<group>"; };
		5A5116A920D128F2004EEFDA /* mztools.c */ = {isa = PBXFileReference; fileEncoding = 4; lastKnownFileType = sourcecode.c.c; path = mztools.c; sourceTree = "<group>"; };
		5A5116AA20D128F2004EEFDA /* crypt.h */ = {isa = PBXFileReference; fileEncoding = 4; lastKnownFileType = sourcecode.c.h; path = crypt.h; sourceTree = "<group>"; };
		5A5116AB20D128F2004EEFDA /* zip.h */ = {isa = PBXFileReference; fileEncoding = 4; lastKnownFileType = sourcecode.c.h; path = zip.h; sourceTree = "<group>"; };
		5A5116AC20D128F2004EEFDA /* unzip.h */ = {isa = PBXFileReference; fileEncoding = 4; lastKnownFileType = sourcecode.c.h; path = unzip.h; sourceTree = "<group>"; };
		5A5116AD20D128F2004EEFDA /* mztools.h */ = {isa = PBXFileReference; fileEncoding = 4; lastKnownFileType = sourcecode.c.h; path = mztools.h; sourceTree = "<group>"; };
		5A5116AE20D128F2004EEFDA /* ioapi.h */ = {isa = PBXFileReference; fileEncoding = 4; lastKnownFileType = sourcecode.c.h; path = ioapi.h; sourceTree = "<group>"; };
		5A5116AF20D128F2004EEFDA /* ZipArchive.mm */ = {isa = PBXFileReference; fileEncoding = 4; lastKnownFileType = sourcecode.cpp.objcpp; path = ZipArchive.mm; sourceTree = "<group>"; };
		5A5116B220D128F2004EEFDA /* CXMLDocument.m */ = {isa = PBXFileReference; fileEncoding = 4; lastKnownFileType = sourcecode.c.objc; path = CXMLDocument.m; sourceTree = "<group>"; };
		5A5116B320D128F2004EEFDA /* CXMLNode.m */ = {isa = PBXFileReference; fileEncoding = 4; lastKnownFileType = sourcecode.c.objc; path = CXMLNode.m; sourceTree = "<group>"; };
		5A5116B420D128F2004EEFDA /* CXMLNamespaceNode.m */ = {isa = PBXFileReference; fileEncoding = 4; lastKnownFileType = sourcecode.c.objc; path = CXMLNamespaceNode.m; sourceTree = "<group>"; };
		5A5116B520D128F2004EEFDA /* CXMLNode_XPathExtensions.m */ = {isa = PBXFileReference; fileEncoding = 4; lastKnownFileType = sourcecode.c.objc; path = CXMLNode_XPathExtensions.m; sourceTree = "<group>"; };
		5A5116B620D128F2004EEFDA /* CXMLElement_CreationExtensions.h */ = {isa = PBXFileReference; fileEncoding = 4; lastKnownFileType = sourcecode.c.h; path = CXMLElement_CreationExtensions.h; sourceTree = "<group>"; };
		5A5116B720D128F2004EEFDA /* CXMLNode_PrivateExtensions.m */ = {isa = PBXFileReference; fileEncoding = 4; lastKnownFileType = sourcecode.c.objc; path = CXMLNode_PrivateExtensions.m; sourceTree = "<group>"; };
		5A5116B820D128F2004EEFDA /* CXHTMLDocument.h */ = {isa = PBXFileReference; fileEncoding = 4; lastKnownFileType = sourcecode.c.h; path = CXHTMLDocument.h; sourceTree = "<group>"; };
		5A5116B920D128F2004EEFDA /* CXMLDocument_PrivateExtensions.h */ = {isa = PBXFileReference; fileEncoding = 4; lastKnownFileType = sourcecode.c.h; path = CXMLDocument_PrivateExtensions.h; sourceTree = "<group>"; };
		5A5116BA20D128F2004EEFDA /* CXMLUnsupportedNode.m */ = {isa = PBXFileReference; fileEncoding = 4; lastKnownFileType = sourcecode.c.objc; path = CXMLUnsupportedNode.m; sourceTree = "<group>"; };
		5A5116BB20D128F2004EEFDA /* CXMLElement_ElementTreeExtensions.m */ = {isa = PBXFileReference; fileEncoding = 4; lastKnownFileType = sourcecode.c.objc; path = CXMLElement_ElementTreeExtensions.m; sourceTree = "<group>"; };
		5A5116BC20D128F2004EEFDA /* CXMLElement.h */ = {isa = PBXFileReference; fileEncoding = 4; lastKnownFileType = sourcecode.c.h; path = CXMLElement.h; sourceTree = "<group>"; };
		5A5116BD20D128F2004EEFDA /* TouchXML.h */ = {isa = PBXFileReference; fileEncoding = 4; lastKnownFileType = sourcecode.c.h; path = TouchXML.h; sourceTree = "<group>"; };
		5A5116BE20D128F2004EEFDA /* CXMLNamespaceNode.h */ = {isa = PBXFileReference; fileEncoding = 4; lastKnownFileType = sourcecode.c.h; path = CXMLNamespaceNode.h; sourceTree = "<group>"; };
		5A5116BF20D128F2004EEFDA /* CXMLNode_XPathExtensions.h */ = {isa = PBXFileReference; fileEncoding = 4; lastKnownFileType = sourcecode.c.h; path = CXMLNode_XPathExtensions.h; sourceTree = "<group>"; };
		5A5116C020D128F2004EEFDA /* CXMLNode.h */ = {isa = PBXFileReference; fileEncoding = 4; lastKnownFileType = sourcecode.c.h; path = CXMLNode.h; sourceTree = "<group>"; };
		5A5116C120D128F2004EEFDA /* CXMLDocument.h */ = {isa = PBXFileReference; fileEncoding = 4; lastKnownFileType = sourcecode.c.h; path = CXMLDocument.h; sourceTree = "<group>"; };
		5A5116C320D128F2004EEFDA /* CXMLNode_CreationExtensions.h */ = {isa = PBXFileReference; fileEncoding = 4; lastKnownFileType = sourcecode.c.h; path = CXMLNode_CreationExtensions.h; sourceTree = "<group>"; };
		5A5116C420D128F2004EEFDA /* CXMLDocument_CreationExtensions.h */ = {isa = PBXFileReference; fileEncoding = 4; lastKnownFileType = sourcecode.c.h; path = CXMLDocument_CreationExtensions.h; sourceTree = "<group>"; };
		5A5116C520D128F2004EEFDA /* CXMLNode_CreationExtensions.m */ = {isa = PBXFileReference; fileEncoding = 4; lastKnownFileType = sourcecode.c.objc; path = CXMLNode_CreationExtensions.m; sourceTree = "<group>"; };
		5A5116C620D128F2004EEFDA /* CXMLDocument_CreationExtensions.m */ = {isa = PBXFileReference; fileEncoding = 4; lastKnownFileType = sourcecode.c.objc; path = CXMLDocument_CreationExtensions.m; sourceTree = "<group>"; };
		5A5116C820D128F2004EEFDA /* CTidy.h */ = {isa = PBXFileReference; fileEncoding = 4; lastKnownFileType = sourcecode.c.h; path = CTidy.h; sourceTree = "<group>"; };
		5A5116C920D128F2004EEFDA /* CTidy.m */ = {isa = PBXFileReference; fileEncoding = 4; lastKnownFileType = sourcecode.c.objc; path = CTidy.m; sourceTree = "<group>"; };
		5A5116CA20D128F2004EEFDA /* CXMLDocument_PrivateExtensions.m */ = {isa = PBXFileReference; fileEncoding = 4; lastKnownFileType = sourcecode.c.objc; path = CXMLDocument_PrivateExtensions.m; sourceTree = "<group>"; };
		5A5116CB20D128F2004EEFDA /* CXHTMLDocument.m */ = {isa = PBXFileReference; fileEncoding = 4; lastKnownFileType = sourcecode.c.objc; path = CXHTMLDocument.m; sourceTree = "<group>"; };
		5A5116CC20D128F2004EEFDA /* CXMLNode_PrivateExtensions.h */ = {isa = PBXFileReference; fileEncoding = 4; lastKnownFileType = sourcecode.c.h; path = CXMLNode_PrivateExtensions.h; sourceTree = "<group>"; };
		5A5116CD20D128F2004EEFDA /* CXMLElement_CreationExtensions.m */ = {isa = PBXFileReference; fileEncoding = 4; lastKnownFileType = sourcecode.c.objc; path = CXMLElement_CreationExtensions.m; sourceTree = "<group>"; };
		5A5116CE20D128F2004EEFDA /* CXMLElement.m */ = {isa = PBXFileReference; fileEncoding = 4; lastKnownFileType = sourcecode.c.objc; path = CXMLElement.m; sourceTree = "<group>"; };
		5A5116CF20D128F2004EEFDA /* CXMLElement_ElementTreeExtensions.h */ = {isa = PBXFileReference; fileEncoding = 4; lastKnownFileType = sourcecode.c.h; path = CXMLElement_ElementTreeExtensions.h; sourceTree = "<group>"; };
		5A5116D020D128F2004EEFDA /* CXMLUnsupportedNode.h */ = {isa = PBXFileReference; fileEncoding = 4; lastKnownFileType = sourcecode.c.h; path = CXMLUnsupportedNode.h; sourceTree = "<group>"; };
		5A5116D120D128F2004EEFDA /* LSYViewPagerVC.m */ = {isa = PBXFileReference; fileEncoding = 4; lastKnownFileType = sourcecode.c.objc; path = LSYViewPagerVC.m; sourceTree = "<group>"; };
		5A5116D220D128F2004EEFDA /* GTMDefines.h */ = {isa = PBXFileReference; fileEncoding = 4; lastKnownFileType = sourcecode.c.h; path = GTMDefines.h; sourceTree = "<group>"; };
		5A5116D320D128F2004EEFDA /* NSString+HTML.m */ = {isa = PBXFileReference; fileEncoding = 4; lastKnownFileType = sourcecode.c.objc; path = "NSString+HTML.m"; sourceTree = "<group>"; };
		5A5116D420D128F2004EEFDA /* UIImage+ImageEffects.m */ = {isa = PBXFileReference; fileEncoding = 4; lastKnownFileType = sourcecode.c.objc; path = "UIImage+ImageEffects.m"; sourceTree = "<group>"; };
		5A5116D520D128F2004EEFDA /* GTMNSString+HTML.m */ = {isa = PBXFileReference; fileEncoding = 4; lastKnownFileType = sourcecode.c.objc; path = "GTMNSString+HTML.m"; sourceTree = "<group>"; };
		5A5116D620D128F2004EEFDA /* LSYReadView.h */ = {isa = PBXFileReference; fileEncoding = 4; lastKnownFileType = sourcecode.c.h; path = LSYReadView.h; sourceTree = "<group>"; };
		5A5116D720D128F2004EEFDA /* LSYCatalogViewController.m */ = {isa = PBXFileReference; fileEncoding = 4; lastKnownFileType = sourcecode.c.objc; path = LSYCatalogViewController.m; sourceTree = "<group>"; };
		5A5116D820D128F2004EEFDA /* LSYReadViewController.m */ = {isa = PBXFileReference; fileEncoding = 4; lastKnownFileType = sourcecode.c.objc; path = LSYReadViewController.m; sourceTree = "<group>"; };
		5A5116D920D128F2004EEFDA /* LSYReadPageViewController.m */ = {isa = PBXFileReference; fileEncoding = 4; lastKnownFileType = sourcecode.c.objc; path = LSYReadPageViewController.m; sourceTree = "<group>"; };
		5A5116DB20D128F2004EEFDA /* LSYReadModel.h */ = {isa = PBXFileReference; fileEncoding = 4; lastKnownFileType = sourcecode.c.h; path = LSYReadModel.h; sourceTree = "<group>"; };
		5A5116DC20D128F2004EEFDA /* LSYChapterModel.h */ = {isa = PBXFileReference; fileEncoding = 4; lastKnownFileType = sourcecode.c.h; path = LSYChapterModel.h; sourceTree = "<group>"; };
		5A5116DD20D128F2004EEFDA /* LSYNoteModel.h */ = {isa = PBXFileReference; fileEncoding = 4; lastKnownFileType = sourcecode.c.h; path = LSYNoteModel.h; sourceTree = "<group>"; };
		5A5116DE20D128F2004EEFDA /* LSYMarkModel.m */ = {isa = PBXFileReference; fileEncoding = 4; lastKnownFileType = sourcecode.c.objc; path = LSYMarkModel.m; sourceTree = "<group>"; };
		5A5116DF20D128F2004EEFDA /* LSYRecordModel.m */ = {isa = PBXFileReference; fileEncoding = 4; lastKnownFileType = sourcecode.c.objc; path = LSYRecordModel.m; sourceTree = "<group>"; };
		5A5116E020D128F2004EEFDA /* LSYChapterModel.m */ = {isa = PBXFileReference; fileEncoding = 4; lastKnownFileType = sourcecode.c.objc; path = LSYChapterModel.m; sourceTree = "<group>"; };
		5A5116E120D128F2004EEFDA /* LSYReadModel.m */ = {isa = PBXFileReference; fileEncoding = 4; lastKnownFileType = sourcecode.c.objc; path = LSYReadModel.m; sourceTree = "<group>"; };
		5A5116E220D128F2004EEFDA /* LSYMarkModel.h */ = {isa = PBXFileReference; fileEncoding = 4; lastKnownFileType = sourcecode.c.h; path = LSYMarkModel.h; sourceTree = "<group>"; };
		5A5116E320D128F2004EEFDA /* LSYNoteModel.m */ = {isa = PBXFileReference; fileEncoding = 4; lastKnownFileType = sourcecode.c.objc; path = LSYNoteModel.m; sourceTree = "<group>"; };
		5A5116E420D128F2004EEFDA /* LSYRecordModel.h */ = {isa = PBXFileReference; fileEncoding = 4; lastKnownFileType = sourcecode.c.h; path = LSYRecordModel.h; sourceTree = "<group>"; };
		5A5116E620D128F2004EEFDA /* LSYSettingView.m */ = {isa = PBXFileReference; fileEncoding = 4; lastKnownFileType = sourcecode.c.objc; path = LSYSettingView.m; sourceTree = "<group>"; };
		5A5116E720D128F2004EEFDA /* LSYBottomMenuView.m */ = {isa = PBXFileReference; fileEncoding = 4; lastKnownFileType = sourcecode.c.objc; path = LSYBottomMenuView.m; sourceTree = "<group>"; };
		5A5116E820D128F2004EEFDA /* LSYTopMenuView.m */ = {isa = PBXFileReference; fileEncoding = 4; lastKnownFileType = sourcecode.c.objc; path = LSYTopMenuView.m; sourceTree = "<group>"; };
		5A5116E920D128F2004EEFDA /* LSYMenuView.h */ = {isa = PBXFileReference; fileEncoding = 4; lastKnownFileType = sourcecode.c.h; path = LSYMenuView.h; sourceTree = "<group>"; };
		5A5116EA20D128F2004EEFDA /* LSYMagnifierView.h */ = {isa = PBXFileReference; fileEncoding = 4; lastKnownFileType = sourcecode.c.h; path = LSYMagnifierView.h; sourceTree = "<group>"; };
		5A5116EB20D128F2004EEFDA /* LSYTopMenuView.h */ = {isa = PBXFileReference; fileEncoding = 4; lastKnownFileType = sourcecode.c.h; path = LSYTopMenuView.h; sourceTree = "<group>"; };
		5A5116EC20D128F2004EEFDA /* LSYBottomMenuView.h */ = {isa = PBXFileReference; fileEncoding = 4; lastKnownFileType = sourcecode.c.h; path = LSYBottomMenuView.h; sourceTree = "<group>"; };
		5A5116ED20D128F2004EEFDA /* LSYSettingView.h */ = {isa = PBXFileReference; fileEncoding = 4; lastKnownFileType = sourcecode.c.h; path = LSYSettingView.h; sourceTree = "<group>"; };
		5A5116EE20D128F2004EEFDA /* LSYMenuView.m */ = {isa = PBXFileReference; fileEncoding = 4; lastKnownFileType = sourcecode.c.objc; path = LSYMenuView.m; sourceTree = "<group>"; };
		5A5116EF20D128F2004EEFDA /* LSYMagnifierView.m */ = {isa = PBXFileReference; fileEncoding = 4; lastKnownFileType = sourcecode.c.objc; path = LSYMagnifierView.m; sourceTree = "<group>"; };
		5A5116F120D128F2004EEFDA /* reader_moon@2X.png */ = {isa = PBXFileReference; lastKnownFileType = image.png; path = "reader_moon@2X.png"; sourceTree = "<group>"; };
		5A5116F220D128F2004EEFDA /* sale_discount_yellow.png */ = {isa = PBXFileReference; lastKnownFileType = image.png; path = sale_discount_yellow.png; sourceTree = "<group>"; };
		5A5116F320D128F2004EEFDA /* bg_back_white.png */ = {isa = PBXFileReference; lastKnownFileType = image.png; path = bg_back_white.png; sourceTree = "<group>"; };
		5A5116F520D128F2004EEFDA /* ic_add.png */ = {isa = PBXFileReference; lastKnownFileType = image.png; path = ic_add.png; sourceTree = "<group>"; };
		5A5116F620D128F2004EEFDA /* reader_sun@2X.png */ = {isa = PBXFileReference; lastKnownFileType = image.png; path = "reader_sun@2X.png"; sourceTree = "<group>"; };
		5A5116F720D128F2004EEFDA /* bt_tjcp_no@2x.png */ = {isa = PBXFileReference; lastKnownFileType = image.png; path = "bt_tjcp_no@2x.png"; sourceTree = "<group>"; };
		5A5116F820D128F2004EEFDA /* bg_back_white@2x.png */ = {isa = PBXFileReference; lastKnownFileType = image.png; path = "bg_back_white@2x.png"; sourceTree = "<group>"; };
		5A5116F920D128F2004EEFDA /* reader_cover@2x.png */ = {isa = PBXFileReference; lastKnownFileType = image.png; path = "reader_cover@2x.png"; sourceTree = "<group>"; };
		5A5116FB20D128F2004EEFDA /* r_drag-dot@2x.png */ = {isa = PBXFileReference; lastKnownFileType = image.png; path = "r_drag-dot@2x.png"; sourceTree = "<group>"; };
		5A5116FC20D128F2004EEFDA /* reader_more@2x.png */ = {isa = PBXFileReference; lastKnownFileType = image.png; path = "reader_more@2x.png"; sourceTree = "<group>"; };
		5A5116FE20D128F2004EEFDA /* LSYChapterVC.h */ = {isa = PBXFileReference; fileEncoding = 4; lastKnownFileType = sourcecode.c.h; path = LSYChapterVC.h; sourceTree = "<group>"; };
		5A5116FF20D128F2004EEFDA /* LSYNoteVC.m */ = {isa = PBXFileReference; fileEncoding = 4; lastKnownFileType = sourcecode.c.objc; path = LSYNoteVC.m; sourceTree = "<group>"; };
		5A51170020D128F2004EEFDA /* LSYMarkVC.h */ = {isa = PBXFileReference; fileEncoding = 4; lastKnownFileType = sourcecode.c.h; path = LSYMarkVC.h; sourceTree = "<group>"; };
		5A51170120D128F2004EEFDA /* LSYNoteVC.h */ = {isa = PBXFileReference; fileEncoding = 4; lastKnownFileType = sourcecode.c.h; path = LSYNoteVC.h; sourceTree = "<group>"; };
		5A51170220D128F2004EEFDA /* LSYChapterVC.m */ = {isa = PBXFileReference; fileEncoding = 4; lastKnownFileType = sourcecode.c.objc; path = LSYChapterVC.m; sourceTree = "<group>"; };
		5A51170320D128F2004EEFDA /* LSYMarkVC.m */ = {isa = PBXFileReference; fileEncoding = 4; lastKnownFileType = sourcecode.c.objc; path = LSYMarkVC.m; sourceTree = "<group>"; };
		5A51170420D128F2004EEFDA /* LSYReadViewController.h */ = {isa = PBXFileReference; fileEncoding = 4; lastKnownFileType = sourcecode.c.h; path = LSYReadViewController.h; sourceTree = "<group>"; };
		5A51170520D128F2004EEFDA /* LSYCatalogViewController.h */ = {isa = PBXFileReference; fileEncoding = 4; lastKnownFileType = sourcecode.c.h; path = LSYCatalogViewController.h; sourceTree = "<group>"; };
		5A51170620D128F2004EEFDA /* LSYReadView.m */ = {isa = PBXFileReference; fileEncoding = 4; lastKnownFileType = sourcecode.c.objc; path = LSYReadView.m; sourceTree = "<group>"; };
		5A51173F20D1583C004EEFDA /* SVerticalButton.h */ = {isa = PBXFileReference; fileEncoding = 4; lastKnownFileType = sourcecode.c.h; path = SVerticalButton.h; sourceTree = "<group>"; };
		5A51174020D1583C004EEFDA /* SVerticalButton.m */ = {isa = PBXFileReference; fileEncoding = 4; lastKnownFileType = sourcecode.c.objc; path = SVerticalButton.m; sourceTree = "<group>"; };
		5A51174220D160F1004EEFDA /* AESCipher.h */ = {isa = PBXFileReference; fileEncoding = 4; lastKnownFileType = sourcecode.c.h; path = AESCipher.h; sourceTree = "<group>"; };
		5A51174320D160F1004EEFDA /* AESCipher.m */ = {isa = PBXFileReference; fileEncoding = 4; lastKnownFileType = sourcecode.c.objc; path = AESCipher.m; sourceTree = "<group>"; };
		5A51174620D16123004EEFDA /* HSSessionModel.m */ = {isa = PBXFileReference; fileEncoding = 4; lastKnownFileType = sourcecode.c.objc; path = HSSessionModel.m; sourceTree = "<group>"; };
		5A51174820D16123004EEFDA /* NSString+Hash.m */ = {isa = PBXFileReference; fileEncoding = 4; lastKnownFileType = sourcecode.c.objc; path = "NSString+Hash.m"; sourceTree = "<group>"; };
		5A51174920D16123004EEFDA /* NSString+Hash.h */ = {isa = PBXFileReference; fileEncoding = 4; lastKnownFileType = sourcecode.c.h; path = "NSString+Hash.h"; sourceTree = "<group>"; };
		5A51174A20D16123004EEFDA /* HSDownloadManager.h */ = {isa = PBXFileReference; fileEncoding = 4; lastKnownFileType = sourcecode.c.h; path = HSDownloadManager.h; sourceTree = "<group>"; };
		5A51174B20D16123004EEFDA /* HSSessionModel.h */ = {isa = PBXFileReference; fileEncoding = 4; lastKnownFileType = sourcecode.c.h; path = HSSessionModel.h; sourceTree = "<group>"; };
		5A51174C20D16123004EEFDA /* HSDownloadManager.m */ = {isa = PBXFileReference; fileEncoding = 4; lastKnownFileType = sourcecode.c.objc; path = HSDownloadManager.m; sourceTree = "<group>"; };
		5A51175120D161CE004EEFDA /* SProgressHUD.m */ = {isa = PBXFileReference; fileEncoding = 4; lastKnownFileType = sourcecode.c.objc; path = SProgressHUD.m; sourceTree = "<group>"; };
		5A51175220D161CE004EEFDA /* SProgressHUD.h */ = {isa = PBXFileReference; fileEncoding = 4; lastKnownFileType = sourcecode.c.h; path = SProgressHUD.h; sourceTree = "<group>"; };
		5A51175E20D17B47004EEFDA /* DownLoadEpubFileTool.h */ = {isa = PBXFileReference; lastKnownFileType = sourcecode.c.h; path = DownLoadEpubFileTool.h; sourceTree = "<group>"; };
		5A51175F20D17B47004EEFDA /* DownLoadEpubFileTool.m */ = {isa = PBXFileReference; lastKnownFileType = sourcecode.c.objc; path = DownLoadEpubFileTool.m; sourceTree = "<group>"; };
		5A842C7A20DA89000082C8CF /* YcmccwcY0BB222FqY.5cb */ = {isa = PBXFileReference; lastKnownFileType = file; path = YcmccwcY0BB222FqY.5cb; sourceTree = "<group>"; };
		5A842C7B20DA89010082C8CF /* YcmccwcY0II556rvY.5cb */ = {isa = PBXFileReference; lastKnownFileType = file; path = YcmccwcY0II556rvY.5cb; sourceTree = "<group>"; };
		5A842C7C20DA89010082C8CF /* YcmccwcY0I0I0IuLY.5cb */ = {isa = PBXFileReference; lastKnownFileType = file; path = YcmccwcY0I0I0IuLY.5cb; sourceTree = "<group>"; };
		5A842C7D20DA89010082C8CF /* YcmccwcY0II556IyY.5cb */ = {isa = PBXFileReference; lastKnownFileType = file; path = YcmccwcY0II556IyY.5cb; sourceTree = "<group>"; };
		5A842C7E20DA89010082C8CF /* YcmccwcY0II221BvY.5cb */ = {isa = PBXFileReference; lastKnownFileType = file; path = YcmccwcY0II221BvY.5cb; sourceTree = "<group>"; };
		5A842C8820DB4D810082C8CF /* SearchTableCell.h */ = {isa = PBXFileReference; lastKnownFileType = sourcecode.c.h; path = SearchTableCell.h; sourceTree = "<group>"; };
		5A842C8920DB4D810082C8CF /* SearchTableCell.m */ = {isa = PBXFileReference; lastKnownFileType = sourcecode.c.objc; path = SearchTableCell.m; sourceTree = "<group>"; };
		5A842C8C20DBDF400082C8CF /* BookInfoModel.h */ = {isa = PBXFileReference; lastKnownFileType = sourcecode.c.h; path = BookInfoModel.h; sourceTree = "<group>"; };
		5A842C8D20DBDF400082C8CF /* BookInfoModel.m */ = {isa = PBXFileReference; lastKnownFileType = sourcecode.c.objc; path = BookInfoModel.m; sourceTree = "<group>"; };
		5A8BD77920C823970013ADBE /* libz.tbd */ = {isa = PBXFileReference; lastKnownFileType = "sourcecode.text-based-dylib-definition"; name = libz.tbd; path = usr/lib/libz.tbd; sourceTree = SDKROOT; };
		5A8BD77B20C824630013ADBE /* libxml2.tbd */ = {isa = PBXFileReference; lastKnownFileType = "sourcecode.text-based-dylib-definition"; name = libxml2.tbd; path = usr/lib/libxml2.tbd; sourceTree = SDKROOT; };
		5A950D1120D3AA1D0034C521 /* AboutUSViewController.h */ = {isa = PBXFileReference; lastKnownFileType = sourcecode.c.h; path = AboutUSViewController.h; sourceTree = "<group>"; };
		5A950D1220D3AA1D0034C521 /* AboutUSViewController.m */ = {isa = PBXFileReference; lastKnownFileType = sourcecode.c.objc; path = AboutUSViewController.m; sourceTree = "<group>"; };
		5ACC53E220C39DC9001F3F58 /* ShuShangShuo.app */ = {isa = PBXFileReference; explicitFileType = wrapper.application; includeInIndex = 0; path = ShuShangShuo.app; sourceTree = BUILT_PRODUCTS_DIR; };
		5ACC53E520C39DC9001F3F58 /* AppDelegate.h */ = {isa = PBXFileReference; lastKnownFileType = sourcecode.c.h; path = AppDelegate.h; sourceTree = "<group>"; };
		5ACC53E620C39DC9001F3F58 /* AppDelegate.m */ = {isa = PBXFileReference; lastKnownFileType = sourcecode.c.objc; path = AppDelegate.m; sourceTree = "<group>"; };
		5ACC53EE20C39DCA001F3F58 /* Assets.xcassets */ = {isa = PBXFileReference; lastKnownFileType = folder.assetcatalog; path = Assets.xcassets; sourceTree = "<group>"; };
		5ACC53F320C39DCA001F3F58 /* Info.plist */ = {isa = PBXFileReference; lastKnownFileType = text.plist.xml; path = Info.plist; sourceTree = "<group>"; };
		5ACC53F420C39DCA001F3F58 /* main.m */ = {isa = PBXFileReference; lastKnownFileType = sourcecode.c.objc; path = main.m; sourceTree = "<group>"; };
		5ACC540720C3A23A001F3F58 /* PrefixHeader.pch */ = {isa = PBXFileReference; lastKnownFileType = sourcecode.c.h; path = PrefixHeader.pch; sourceTree = "<group>"; };
		5ACC540820C3A256001F3F58 /* CommonConst.h */ = {isa = PBXFileReference; lastKnownFileType = sourcecode.c.h; path = CommonConst.h; sourceTree = "<group>"; };
		5ACC540920C3A263001F3F58 /* ColorConst.h */ = {isa = PBXFileReference; lastKnownFileType = sourcecode.c.h; path = ColorConst.h; sourceTree = "<group>"; };
		5ACC540A20C3A275001F3F58 /* SaticCommonConst.h */ = {isa = PBXFileReference; lastKnownFileType = sourcecode.c.h; path = SaticCommonConst.h; sourceTree = "<group>"; };
		5ACC540B20C3C729001F3F58 /* BaseNavigationController.h */ = {isa = PBXFileReference; lastKnownFileType = sourcecode.c.h; path = BaseNavigationController.h; sourceTree = "<group>"; };
		5ACC540C20C3C729001F3F58 /* BaseNavigationController.m */ = {isa = PBXFileReference; lastKnownFileType = sourcecode.c.objc; path = BaseNavigationController.m; sourceTree = "<group>"; };
		5ACC540E20C3C74E001F3F58 /* BaseViewController.h */ = {isa = PBXFileReference; lastKnownFileType = sourcecode.c.h; path = BaseViewController.h; sourceTree = "<group>"; };
		5ACC540F20C3C74E001F3F58 /* BaseViewController.m */ = {isa = PBXFileReference; lastKnownFileType = sourcecode.c.objc; path = BaseViewController.m; sourceTree = "<group>"; };
		5ACC541120C3C772001F3F58 /* RefreshBaseViewController.h */ = {isa = PBXFileReference; lastKnownFileType = sourcecode.c.h; path = RefreshBaseViewController.h; sourceTree = "<group>"; };
		5ACC541220C3C772001F3F58 /* RefreshBaseViewController.m */ = {isa = PBXFileReference; lastKnownFileType = sourcecode.c.objc; path = RefreshBaseViewController.m; sourceTree = "<group>"; };
		5ACC541520C3CD27001F3F58 /* UIResponder+Router.h */ = {isa = PBXFileReference; lastKnownFileType = sourcecode.c.h; path = "UIResponder+Router.h"; sourceTree = "<group>"; };
		5ACC541620C3CD27001F3F58 /* UIResponder+Router.m */ = {isa = PBXFileReference; lastKnownFileType = sourcecode.c.objc; path = "UIResponder+Router.m"; sourceTree = "<group>"; };
		5ACC541A20C4EA4D001F3F58 /* UIColor+String.h */ = {isa = PBXFileReference; lastKnownFileType = sourcecode.c.h; path = "UIColor+String.h"; sourceTree = "<group>"; };
		5ACC541B20C4EA4D001F3F58 /* UIColor+String.m */ = {isa = PBXFileReference; lastKnownFileType = sourcecode.c.objc; path = "UIColor+String.m"; sourceTree = "<group>"; };
		5ACC541D20C4EC16001F3F58 /* Macro.h */ = {isa = PBXFileReference; lastKnownFileType = sourcecode.c.h; path = Macro.h; sourceTree = "<group>"; };
		5ACC541E20C50FC5001F3F58 /* NSData+CommonCrypto.m */ = {isa = PBXFileReference; fileEncoding = 4; lastKnownFileType = sourcecode.c.objc; path = "NSData+CommonCrypto.m"; sourceTree = "<group>"; };
		5ACC541F20C50FC6001F3F58 /* NSData+CommonCrypto.h */ = {isa = PBXFileReference; fileEncoding = 4; lastKnownFileType = sourcecode.c.h; path = "NSData+CommonCrypto.h"; sourceTree = "<group>"; };
		5ACC542120C51047001F3F58 /* PrivacyFuncTool.h */ = {isa = PBXFileReference; lastKnownFileType = sourcecode.c.h; path = PrivacyFuncTool.h; sourceTree = "<group>"; };
		5ACC542220C51047001F3F58 /* PrivacyFuncTool.m */ = {isa = PBXFileReference; lastKnownFileType = sourcecode.c.objc; path = PrivacyFuncTool.m; sourceTree = "<group>"; };
		5ACC542620C524EE001F3F58 /* STabBar.h */ = {isa = PBXFileReference; lastKnownFileType = sourcecode.c.h; path = STabBar.h; sourceTree = "<group>"; };
		5ACC542720C524EE001F3F58 /* STabBar.m */ = {isa = PBXFileReference; lastKnownFileType = sourcecode.c.objc; path = STabBar.m; sourceTree = "<group>"; };
		60D7A78AE2EE54DE3000EF8E /* Pods-ShuShangShuo.release.xcconfig */ = {isa = PBXFileReference; includeInIndex = 1; lastKnownFileType = text.xcconfig; name = "Pods-ShuShangShuo.release.xcconfig"; path = "../Pods/Target Support Files/Pods-ShuShangShuo/Pods-ShuShangShuo.release.xcconfig"; sourceTree = "<group>"; };
		85667DF2E0DA67917D6CDCC7 /* libPods-ShuShangShuo.a */ = {isa = PBXFileReference; explicitFileType = archive.ar; includeInIndex = 0; path = "libPods-ShuShangShuo.a"; sourceTree = BUILT_PRODUCTS_DIR; };
		F22207DC375343588A8DB914 /* Pods-ShuShangShuo.debug.xcconfig */ = {isa = PBXFileReference; includeInIndex = 1; lastKnownFileType = text.xcconfig; name = "Pods-ShuShangShuo.debug.xcconfig"; path = "../Pods/Target Support Files/Pods-ShuShangShuo/Pods-ShuShangShuo.debug.xcconfig"; sourceTree = "<group>"; };
/* End PBXFileReference section */

/* Begin PBXFrameworksBuildPhase section */
		5ACC53DF20C39DC9001F3F58 /* Frameworks */ = {
			isa = PBXFrameworksBuildPhase;
			buildActionMask = 2147483647;
			files = (
				5A8BD77C20C824630013ADBE /* libxml2.tbd in Frameworks */,
				5A8BD77A20C823970013ADBE /* libz.tbd in Frameworks */,
				4A7A00E2C1615A0246B27421 /* libPods-ShuShangShuo.a in Frameworks */,
			);
			runOnlyForDeploymentPostprocessing = 0;
		};
/* End PBXFrameworksBuildPhase section */

/* Begin PBXGroup section */
		4602876841FD745915B2C937 /* Pods */ = {
			isa = PBXGroup;
			children = (
				F22207DC375343588A8DB914 /* Pods-ShuShangShuo.debug.xcconfig */,
				60D7A78AE2EE54DE3000EF8E /* Pods-ShuShangShuo.release.xcconfig */,
			);
			name = Pods;
			sourceTree = "<group>";
		};
		5A254BE920C5282000C45FF8 /* RootVC */ = {
			isa = PBXGroup;
			children = (
				5A254BEB20C5284E00C45FF8 /* RootTabBarController.h */,
				5A254BEC20C5284E00C45FF8 /* RootTabBarController.m */,
			);
			path = RootVC;
			sourceTree = "<group>";
		};
		5A254BEF20C5315A00C45FF8 /* View */ = {
			isa = PBXGroup;
			children = (
				5A254C2720C6D4A600C45FF8 /* CollectionCell */,
				5A254C0020C595D200C45FF8 /* TableCell */,
			);
			path = View;
			sourceTree = "<group>";
		};
		5A254BF120C5316700C45FF8 /* Controller */ = {
			isa = PBXGroup;
			children = (
				5A254C2620C6CFB400C45FF8 /* Home */,
				5A254C1F20C6CC4D00C45FF8 /* Scan */,
				5A254C0420C690A200C45FF8 /* Setting */,
				5A254BE920C5282000C45FF8 /* RootVC */,
			);
			path = Controller;
			sourceTree = "<group>";
		};
		5A254BF920C57F1C00C45FF8 /* SPPageMenu */ = {
			isa = PBXGroup;
			children = (
				5A254BFB20C57F1C00C45FF8 /* SPPageMenu.h */,
				5A254BFA20C57F1C00C45FF8 /* SPPageMenu.m */,
			);
			path = SPPageMenu;
			sourceTree = "<group>";
		};
		5A254C0020C595D200C45FF8 /* TableCell */ = {
			isa = PBXGroup;
			children = (
				5A254C0120C5965C00C45FF8 /* SettingTableCell.h */,
				5A254C0220C5965C00C45FF8 /* SettingTableCell.m */,
				5A842C8820DB4D810082C8CF /* SearchTableCell.h */,
				5A842C8920DB4D810082C8CF /* SearchTableCell.m */,
			);
			path = TableCell;
			sourceTree = "<group>";
		};
		5A254C0420C690A200C45FF8 /* Setting */ = {
			isa = PBXGroup;
			children = (
				5A254BFD20C58B8600C45FF8 /* SettingViewController.h */,
				5A254BFE20C58B8600C45FF8 /* SettingViewController.m */,
				5A254C0520C6910500C45FF8 /* IPSettingViewController.h */,
				5A254C0620C6910500C45FF8 /* IPSettingViewController.m */,
				5A950D1120D3AA1D0034C521 /* AboutUSViewController.h */,
				5A950D1220D3AA1D0034C521 /* AboutUSViewController.m */,
			);
			path = Setting;
			sourceTree = "<group>";
		};
		5A254C0820C6CACD00C45FF8 /* SGQRCode */ = {
			isa = PBXGroup;
			children = (
				5A254C0920C6CACD00C45FF8 /* SGQRCode.h */,
				5A254C0A20C6CACD00C45FF8 /* SGQRCode.bundle */,
				5A254C0B20C6CACD00C45FF8 /* Category */,
				5A254C0E20C6CACD00C45FF8 /* SGQRCodeHelperTool.m */,
				5A254C0F20C6CACD00C45FF8 /* SGQRCodeScanningView.m */,
				5A254C1020C6CACD00C45FF8 /* SGQRCodeScanManager.m */,
				5A254C1120C6CACD00C45FF8 /* SGQRCodeGenerateManager.m */,
				5A254C1220C6CACD00C45FF8 /* SGQRCodeAlbumManager.h */,
				5A254C1320C6CACD00C45FF8 /* SGQRCodeHelperTool.h */,
				5A254C1420C6CACD00C45FF8 /* SGQRCodeScanningView.h */,
				5A254C1520C6CACD00C45FF8 /* SGQRCodeScanManager.h */,
				5A254C1620C6CACD00C45FF8 /* SGQRCodeAlbumManager.m */,
				5A254C1720C6CACD00C45FF8 /* SGQRCodeGenerateManager.h */,
			);
			path = SGQRCode;
			sourceTree = "<group>";
		};
		5A254C0B20C6CACD00C45FF8 /* Category */ = {
			isa = PBXGroup;
			children = (
				5A254C0C20C6CACD00C45FF8 /* UIImage+ImageSize.h */,
				5A254C0D20C6CACD00C45FF8 /* UIImage+ImageSize.m */,
			);
			path = Category;
			sourceTree = "<group>";
		};
		5A254C1F20C6CC4D00C45FF8 /* Scan */ = {
			isa = PBXGroup;
			children = (
				5A254C2120C6CC6000C45FF8 /* SGQRCodeScanningVC.h */,
				5A254C2020C6CC6000C45FF8 /* SGQRCodeScanningVC.m */,
			);
			path = Scan;
			sourceTree = "<group>";
		};
		5A254C2620C6CFB400C45FF8 /* Home */ = {
			isa = PBXGroup;
			children = (
				5A254C2320C6CF9500C45FF8 /* HomeViewController.h */,
				5A254C2420C6CF9500C45FF8 /* HomeViewController.m */,
				5A254BF220C531BA00C45FF8 /* BookshelfViewController.h */,
				5A254BF320C531BA00C45FF8 /* BookshelfViewController.m */,
				5A254C2B20C6D76300C45FF8 /* HistorySearchViewController.h */,
				5A254C2C20C6D76300C45FF8 /* HistorySearchViewController.m */,
			);
			path = Home;
			sourceTree = "<group>";
		};
		5A254C2720C6D4A600C45FF8 /* CollectionCell */ = {
			isa = PBXGroup;
			children = (
				5A254C2820C6D4DD00C45FF8 /* BookshelfCollectionCell.h */,
				5A254C2920C6D4DD00C45FF8 /* BookshelfCollectionCell.m */,
			);
			path = CollectionCell;
			sourceTree = "<group>";
		};
		5A51169520D128F2004EEFDA /* Reader */ = {
			isa = PBXGroup;
			children = (
				5A51170420D128F2004EEFDA /* LSYReadViewController.h */,
				5A5116D820D128F2004EEFDA /* LSYReadViewController.m */,
				5A51169620D128F2004EEFDA /* LSYReadPageViewController.h */,
				5A5116D920D128F2004EEFDA /* LSYReadPageViewController.m */,
				5A51170520D128F2004EEFDA /* LSYCatalogViewController.h */,
				5A5116D720D128F2004EEFDA /* LSYCatalogViewController.m */,
				5A51169720D128F2004EEFDA /* Core */,
				5A51169E20D128F2004EEFDA /* Third */,
				5A5116DA20D128F2004EEFDA /* Model */,
				5A5116E520D128F2004EEFDA /* View */,
				5A5116F020D128F2004EEFDA /* Resource */,
				5A5116FD20D128F2004EEFDA /* CatalogVC */,
			);
			path = Reader;
			sourceTree = "<group>";
		};
		5A51169720D128F2004EEFDA /* Core */ = {
			isa = PBXGroup;
			children = (
				5A51169920D128F2004EEFDA /* LSYReadUtilites.h */,
				5A51169C20D128F2004EEFDA /* LSYReadUtilites.m */,
				5A51169B20D128F2004EEFDA /* LSYReadConfig.h */,
				5A51169820D128F2004EEFDA /* LSYReadConfig.m */,
				5A51169D20D128F2004EEFDA /* LSYReadParser.h */,
				5A51169A20D128F2004EEFDA /* LSYReadParser.m */,
			);
			path = Core;
			sourceTree = "<group>";
		};
		5A51169E20D128F2004EEFDA /* Third */ = {
			isa = PBXGroup;
			children = (
				5A51169F20D128F2004EEFDA /* LSYViewPagerVC.h */,
				5A5116D120D128F2004EEFDA /* LSYViewPagerVC.m */,
				5A5116A020D128F2004EEFDA /* UIImage+ImageEffects.h */,
				5A5116D420D128F2004EEFDA /* UIImage+ImageEffects.m */,
				5A5116A120D128F2004EEFDA /* NSString+HTML.h */,
				5A5116D320D128F2004EEFDA /* NSString+HTML.m */,
				5A5116A220D128F2004EEFDA /* GTMNSString+HTML.h */,
				5A5116D520D128F2004EEFDA /* GTMNSString+HTML.m */,
				5A5116A320D128F2004EEFDA /* ZipArchive */,
				5A5116B020D128F2004EEFDA /* TouchXML */,
				5A5116D220D128F2004EEFDA /* GTMDefines.h */,
			);
			path = Third;
			sourceTree = "<group>";
		};
		5A5116A320D128F2004EEFDA /* ZipArchive */ = {
			isa = PBXGroup;
			children = (
				5A5116A420D128F2004EEFDA /* ZipArchive.h */,
				5A5116A520D128F2004EEFDA /* minizip */,
				5A5116AF20D128F2004EEFDA /* ZipArchive.mm */,
			);
			path = ZipArchive;
			sourceTree = "<group>";
		};
		5A5116A520D128F2004EEFDA /* minizip */ = {
			isa = PBXGroup;
			children = (
				5A5116A620D128F2004EEFDA /* unzip.c */,
				5A5116A720D128F2004EEFDA /* zip.c */,
				5A5116A820D128F2004EEFDA /* ioapi.c */,
				5A5116A920D128F2004EEFDA /* mztools.c */,
				5A5116AA20D128F2004EEFDA /* crypt.h */,
				5A5116AB20D128F2004EEFDA /* zip.h */,
				5A5116AC20D128F2004EEFDA /* unzip.h */,
				5A5116AD20D128F2004EEFDA /* mztools.h */,
				5A5116AE20D128F2004EEFDA /* ioapi.h */,
			);
			path = minizip;
			sourceTree = "<group>";
		};
		5A5116B020D128F2004EEFDA /* TouchXML */ = {
			isa = PBXGroup;
			children = (
				5A5116B120D128F2004EEFDA /* Source */,
			);
			path = TouchXML;
			sourceTree = "<group>";
		};
		5A5116B120D128F2004EEFDA /* Source */ = {
			isa = PBXGroup;
			children = (
				5A5116C120D128F2004EEFDA /* CXMLDocument.h */,
				5A5116B220D128F2004EEFDA /* CXMLDocument.m */,
				5A5116C020D128F2004EEFDA /* CXMLNode.h */,
				5A5116B320D128F2004EEFDA /* CXMLNode.m */,
				5A5116BE20D128F2004EEFDA /* CXMLNamespaceNode.h */,
				5A5116B420D128F2004EEFDA /* CXMLNamespaceNode.m */,
				5A5116BF20D128F2004EEFDA /* CXMLNode_XPathExtensions.h */,
				5A5116B520D128F2004EEFDA /* CXMLNode_XPathExtensions.m */,
				5A5116B620D128F2004EEFDA /* CXMLElement_CreationExtensions.h */,
				5A5116CD20D128F2004EEFDA /* CXMLElement_CreationExtensions.m */,
				5A5116B920D128F2004EEFDA /* CXMLDocument_PrivateExtensions.h */,
				5A5116CA20D128F2004EEFDA /* CXMLDocument_PrivateExtensions.m */,
				5A5116CC20D128F2004EEFDA /* CXMLNode_PrivateExtensions.h */,
				5A5116B720D128F2004EEFDA /* CXMLNode_PrivateExtensions.m */,
				5A5116B820D128F2004EEFDA /* CXHTMLDocument.h */,
				5A5116CB20D128F2004EEFDA /* CXHTMLDocument.m */,
				5A5116D020D128F2004EEFDA /* CXMLUnsupportedNode.h */,
				5A5116BA20D128F2004EEFDA /* CXMLUnsupportedNode.m */,
				5A5116CF20D128F2004EEFDA /* CXMLElement_ElementTreeExtensions.h */,
				5A5116BB20D128F2004EEFDA /* CXMLElement_ElementTreeExtensions.m */,
				5A5116BC20D128F2004EEFDA /* CXMLElement.h */,
				5A5116CE20D128F2004EEFDA /* CXMLElement.m */,
				5A5116BD20D128F2004EEFDA /* TouchXML.h */,
				5A5116C220D128F2004EEFDA /* Creation */,
				5A5116C720D128F2004EEFDA /* Tidy */,
			);
			path = Source;
			sourceTree = "<group>";
		};
		5A5116C220D128F2004EEFDA /* Creation */ = {
			isa = PBXGroup;
			children = (
				5A5116C320D128F2004EEFDA /* CXMLNode_CreationExtensions.h */,
				5A5116C520D128F2004EEFDA /* CXMLNode_CreationExtensions.m */,
				5A5116C420D128F2004EEFDA /* CXMLDocument_CreationExtensions.h */,
				5A5116C620D128F2004EEFDA /* CXMLDocument_CreationExtensions.m */,
			);
			path = Creation;
			sourceTree = "<group>";
		};
		5A5116C720D128F2004EEFDA /* Tidy */ = {
			isa = PBXGroup;
			children = (
				5A5116C820D128F2004EEFDA /* CTidy.h */,
				5A5116C920D128F2004EEFDA /* CTidy.m */,
			);
			path = Tidy;
			sourceTree = "<group>";
		};
		5A5116DA20D128F2004EEFDA /* Model */ = {
			isa = PBXGroup;
			children = (
				5A5116DB20D128F2004EEFDA /* LSYReadModel.h */,
				5A5116E120D128F2004EEFDA /* LSYReadModel.m */,
				5A5116DD20D128F2004EEFDA /* LSYNoteModel.h */,
				5A5116E320D128F2004EEFDA /* LSYNoteModel.m */,
				5A5116E220D128F2004EEFDA /* LSYMarkModel.h */,
				5A5116DE20D128F2004EEFDA /* LSYMarkModel.m */,
				5A5116E420D128F2004EEFDA /* LSYRecordModel.h */,
				5A5116DF20D128F2004EEFDA /* LSYRecordModel.m */,
				5A5116DC20D128F2004EEFDA /* LSYChapterModel.h */,
				5A5116E020D128F2004EEFDA /* LSYChapterModel.m */,
			);
			path = Model;
			sourceTree = "<group>";
		};
		5A5116E520D128F2004EEFDA /* View */ = {
			isa = PBXGroup;
			children = (
				5A5116D620D128F2004EEFDA /* LSYReadView.h */,
				5A51170620D128F2004EEFDA /* LSYReadView.m */,
				5A5116E920D128F2004EEFDA /* LSYMenuView.h */,
				5A5116EE20D128F2004EEFDA /* LSYMenuView.m */,
				5A5116EB20D128F2004EEFDA /* LSYTopMenuView.h */,
				5A5116E820D128F2004EEFDA /* LSYTopMenuView.m */,
				5A5116EC20D128F2004EEFDA /* LSYBottomMenuView.h */,
				5A5116E720D128F2004EEFDA /* LSYBottomMenuView.m */,
				5A5116ED20D128F2004EEFDA /* LSYSettingView.h */,
				5A5116E620D128F2004EEFDA /* LSYSettingView.m */,
				5A5116EA20D128F2004EEFDA /* LSYMagnifierView.h */,
				5A5116EF20D128F2004EEFDA /* LSYMagnifierView.m */,
			);
			path = View;
			sourceTree = "<group>";
		};
		5A5116F020D128F2004EEFDA /* Resource */ = {
			isa = PBXGroup;
			children = (
				5A5116F120D128F2004EEFDA /* reader_moon@2X.png */,
				5A5116F220D128F2004EEFDA /* sale_discount_yellow.png */,
				5A5116F320D128F2004EEFDA /* bg_back_white.png */,
				5A5116F520D128F2004EEFDA /* ic_add.png */,
				5A5116F620D128F2004EEFDA /* reader_sun@2X.png */,
				5A5116F720D128F2004EEFDA /* bt_tjcp_no@2x.png */,
				5A5116F820D128F2004EEFDA /* bg_back_white@2x.png */,
				5A5116F920D128F2004EEFDA /* reader_cover@2x.png */,
				5A5116FB20D128F2004EEFDA /* r_drag-dot@2x.png */,
				5A5116FC20D128F2004EEFDA /* reader_more@2x.png */,
			);
			path = Resource;
			sourceTree = "<group>";
		};
		5A5116FD20D128F2004EEFDA /* CatalogVC */ = {
			isa = PBXGroup;
			children = (
				5A5116FE20D128F2004EEFDA /* LSYChapterVC.h */,
				5A51170220D128F2004EEFDA /* LSYChapterVC.m */,
				5A51170120D128F2004EEFDA /* LSYNoteVC.h */,
				5A5116FF20D128F2004EEFDA /* LSYNoteVC.m */,
				5A51170020D128F2004EEFDA /* LSYMarkVC.h */,
				5A51170320D128F2004EEFDA /* LSYMarkVC.m */,
			);
			path = CatalogVC;
			sourceTree = "<group>";
		};
		5A51173E20D1583C004EEFDA /* UIButton */ = {
			isa = PBXGroup;
			children = (
				5A51173F20D1583C004EEFDA /* SVerticalButton.h */,
				5A51174020D1583C004EEFDA /* SVerticalButton.m */,
			);
			path = UIButton;
			sourceTree = "<group>";
		};
		5A51174520D16123004EEFDA /* HSDownloadManager */ = {
			isa = PBXGroup;
			children = (
				5A51174620D16123004EEFDA /* HSSessionModel.m */,
				5A51174720D16123004EEFDA /* MD5 */,
				5A51174A20D16123004EEFDA /* HSDownloadManager.h */,
				5A51174B20D16123004EEFDA /* HSSessionModel.h */,
				5A51174C20D16123004EEFDA /* HSDownloadManager.m */,
			);
			path = HSDownloadManager;
			sourceTree = "<group>";
		};
		5A51174720D16123004EEFDA /* MD5 */ = {
			isa = PBXGroup;
			children = (
				5A51174820D16123004EEFDA /* NSString+Hash.m */,
				5A51174920D16123004EEFDA /* NSString+Hash.h */,
			);
			path = MD5;
			sourceTree = "<group>";
		};
		5A51175020D161CE004EEFDA /* SProgressHUD */ = {
			isa = PBXGroup;
			children = (
				5A51175120D161CE004EEFDA /* SProgressHUD.m */,
				5A51175220D161CE004EEFDA /* SProgressHUD.h */,
			);
			path = SProgressHUD;
			sourceTree = "<group>";
		};
		5A842C8B20DBDF2B0082C8CF /* Model */ = {
			isa = PBXGroup;
			children = (
				5A842C8C20DBDF400082C8CF /* BookInfoModel.h */,
				5A842C8D20DBDF400082C8CF /* BookInfoModel.m */,
			);
			path = Model;
			sourceTree = "<group>";
		};
		5A842C8F20DBE9D50082C8CF /* DataBase */ = {
			isa = PBXGroup;
			children = (
			);
			path = DataBase;
			sourceTree = "<group>";
		};
		5ACC53D920C39DC9001F3F58 = {
			isa = PBXGroup;
			children = (
				5ACC53E420C39DC9001F3F58 /* ShuShangShuo */,
				5ACC53E320C39DC9001F3F58 /* Products */,
				4602876841FD745915B2C937 /* Pods */,
				CD10237AB73D007912150625 /* Frameworks */,
			);
			sourceTree = "<group>";
		};
		5ACC53E320C39DC9001F3F58 /* Products */ = {
			isa = PBXGroup;
			children = (
				5ACC53E220C39DC9001F3F58 /* ShuShangShuo.app */,
			);
			name = Products;
			sourceTree = "<group>";
		};
		5ACC53E420C39DC9001F3F58 /* ShuShangShuo */ = {
			isa = PBXGroup;
			children = (
				5A842C8F20DBE9D50082C8CF /* DataBase */,
				5ACC540620C39F4C001F3F58 /* AppDelegate */,
				5A842C8B20DBDF2B0082C8CF /* Model */,
				5A254BEF20C5315A00C45FF8 /* View */,
				5A254BF120C5316700C45FF8 /* Controller */,
				5ACC540120C39EE8001F3F58 /* CommonUIs */,
				5ACC540020C39EDE001F3F58 /* CommonUtils */,
				5ACC53FF20C39ED1001F3F58 /* CommonCategory */,
				5ACC53FE20C39EC7001F3F58 /* Libs */,
				5ACC53FD20C39EBE001F3F58 /* Base */,
				5ACC53FC20C39EB8001F3F58 /* Config */,
				5ACC53FB20C39E92001F3F58 /* Resources */,
				5ACC53F320C39DCA001F3F58 /* Info.plist */,
				5ACC53F420C39DCA001F3F58 /* main.m */,
			);
			path = ShuShangShuo;
			sourceTree = "<group>";
		};
		5ACC53FB20C39E92001F3F58 /* Resources */ = {
			isa = PBXGroup;
			children = (
				5A842C7A20DA89000082C8CF /* YcmccwcY0BB222FqY.5cb */,
				5A842C7C20DA89010082C8CF /* YcmccwcY0I0I0IuLY.5cb */,
				5A842C7E20DA89010082C8CF /* YcmccwcY0II221BvY.5cb */,
				5A842C7D20DA89010082C8CF /* YcmccwcY0II556IyY.5cb */,
				5A842C7B20DA89010082C8CF /* YcmccwcY0II556rvY.5cb */,
				5ACC53EE20C39DCA001F3F58 /* Assets.xcassets */,
			);
			path = Resources;
			sourceTree = "<group>";
		};
		5ACC53FC20C39EB8001F3F58 /* Config */ = {
			isa = PBXGroup;
			children = (
				5ACC540720C3A23A001F3F58 /* PrefixHeader.pch */,
				5ACC540820C3A256001F3F58 /* CommonConst.h */,
				5ACC540920C3A263001F3F58 /* ColorConst.h */,
				5ACC540A20C3A275001F3F58 /* SaticCommonConst.h */,
				5ACC541D20C4EC16001F3F58 /* Macro.h */,
			);
			path = Config;
			sourceTree = "<group>";
		};
		5ACC53FD20C39EBE001F3F58 /* Base */ = {
			isa = PBXGroup;
			children = (
				5ACC540B20C3C729001F3F58 /* BaseNavigationController.h */,
				5ACC540C20C3C729001F3F58 /* BaseNavigationController.m */,
				5ACC540E20C3C74E001F3F58 /* BaseViewController.h */,
				5ACC540F20C3C74E001F3F58 /* BaseViewController.m */,
				5ACC541120C3C772001F3F58 /* RefreshBaseViewController.h */,
				5ACC541220C3C772001F3F58 /* RefreshBaseViewController.m */,
			);
			path = Base;
			sourceTree = "<group>";
		};
		5ACC53FE20C39EC7001F3F58 /* Libs */ = {
			isa = PBXGroup;
			children = (
				5A51175020D161CE004EEFDA /* SProgressHUD */,
				5A51174520D16123004EEFDA /* HSDownloadManager */,
				5A51169520D128F2004EEFDA /* Reader */,
				5A254C0820C6CACD00C45FF8 /* SGQRCode */,
				5A254BF920C57F1C00C45FF8 /* SPPageMenu */,
			);
			path = Libs;
			sourceTree = "<group>";
		};
		5ACC53FF20C39ED1001F3F58 /* CommonCategory */ = {
			isa = PBXGroup;
			children = (
				5ACC541820C4EA26001F3F58 /* UIColor */,
			);
			path = CommonCategory;
			sourceTree = "<group>";
		};
		5ACC540020C39EDE001F3F58 /* CommonUtils */ = {
			isa = PBXGroup;
			children = (
				5ACC541420C3CD08001F3F58 /* PrivateTool */,
			);
			path = CommonUtils;
			sourceTree = "<group>";
		};
		5ACC540120C39EE8001F3F58 /* CommonUIs */ = {
			isa = PBXGroup;
			children = (
				5A51173E20D1583C004EEFDA /* UIButton */,
				5ACC542520C524C3001F3F58 /* UITabBar */,
			);
			path = CommonUIs;
			sourceTree = "<group>";
		};
		5ACC540620C39F4C001F3F58 /* AppDelegate */ = {
			isa = PBXGroup;
			children = (
				5ACC53E520C39DC9001F3F58 /* AppDelegate.h */,
				5ACC53E620C39DC9001F3F58 /* AppDelegate.m */,
			);
			path = AppDelegate;
			sourceTree = "<group>";
		};
		5ACC541420C3CD08001F3F58 /* PrivateTool */ = {
			isa = PBXGroup;
			children = (
				5A51174220D160F1004EEFDA /* AESCipher.h */,
				5A51174320D160F1004EEFDA /* AESCipher.m */,
				5ACC541F20C50FC6001F3F58 /* NSData+CommonCrypto.h */,
				5ACC541E20C50FC5001F3F58 /* NSData+CommonCrypto.m */,
				5ACC541520C3CD27001F3F58 /* UIResponder+Router.h */,
				5ACC541620C3CD27001F3F58 /* UIResponder+Router.m */,
				5ACC542120C51047001F3F58 /* PrivacyFuncTool.h */,
				5ACC542220C51047001F3F58 /* PrivacyFuncTool.m */,
				5A254BE620C5272F00C45FF8 /* UIView+Frame.h */,
				5A254BE720C5272F00C45FF8 /* UIView+Frame.m */,
				5A51175E20D17B47004EEFDA /* DownLoadEpubFileTool.h */,
				5A51175F20D17B47004EEFDA /* DownLoadEpubFileTool.m */,
			);
			path = PrivateTool;
			sourceTree = "<group>";
		};
		5ACC541820C4EA26001F3F58 /* UIColor */ = {
			isa = PBXGroup;
			children = (
				5ACC541A20C4EA4D001F3F58 /* UIColor+String.h */,
				5ACC541B20C4EA4D001F3F58 /* UIColor+String.m */,
			);
			path = UIColor;
			sourceTree = "<group>";
		};
		5ACC542520C524C3001F3F58 /* UITabBar */ = {
			isa = PBXGroup;
			children = (
				5ACC542620C524EE001F3F58 /* STabBar.h */,
				5ACC542720C524EE001F3F58 /* STabBar.m */,
			);
			path = UITabBar;
			sourceTree = "<group>";
		};
		CD10237AB73D007912150625 /* Frameworks */ = {
			isa = PBXGroup;
			children = (
				5A8BD77B20C824630013ADBE /* libxml2.tbd */,
				5A8BD77920C823970013ADBE /* libz.tbd */,
				85667DF2E0DA67917D6CDCC7 /* libPods-ShuShangShuo.a */,
			);
			name = Frameworks;
			sourceTree = "<group>";
		};
/* End PBXGroup section */

/* Begin PBXNativeTarget section */
		5ACC53E120C39DC9001F3F58 /* ShuShangShuo */ = {
			isa = PBXNativeTarget;
			buildConfigurationList = 5ACC53F820C39DCA001F3F58 /* Build configuration list for PBXNativeTarget "ShuShangShuo" */;
			buildPhases = (
				6903ED7574C8398DCD7D5CED /* [CP] Check Pods Manifest.lock */,
				5ACC53DE20C39DC9001F3F58 /* Sources */,
				5ACC53DF20C39DC9001F3F58 /* Frameworks */,
				5ACC53E020C39DC9001F3F58 /* Resources */,
				0948F1E72B85C8C13561B227 /* [CP] Copy Pods Resources */,
			);
			buildRules = (
			);
			dependencies = (
			);
			name = ShuShangShuo;
			productName = ShuShangShuo;
			productReference = 5ACC53E220C39DC9001F3F58 /* ShuShangShuo.app */;
			productType = "com.apple.product-type.application";
		};
/* End PBXNativeTarget section */

/* Begin PBXProject section */
		5ACC53DA20C39DC9001F3F58 /* Project object */ = {
			isa = PBXProject;
			attributes = {
				LastUpgradeCheck = 0930;
				ORGANIZATIONNAME = lanmao;
				TargetAttributes = {
					5ACC53E120C39DC9001F3F58 = {
						CreatedOnToolsVersion = 9.3.1;
					};
				};
			};
			buildConfigurationList = 5ACC53DD20C39DC9001F3F58 /* Build configuration list for PBXProject "ShuShangShuo" */;
			compatibilityVersion = "Xcode 9.3";
			developmentRegion = en;
			hasScannedForEncodings = 0;
			knownRegions = (
				en,
				Base,
			);
			mainGroup = 5ACC53D920C39DC9001F3F58;
			productRefGroup = 5ACC53E320C39DC9001F3F58 /* Products */;
			projectDirPath = "";
			projectRoot = "";
			targets = (
				5ACC53E120C39DC9001F3F58 /* ShuShangShuo */,
			);
		};
/* End PBXProject section */

/* Begin PBXResourcesBuildPhase section */
		5ACC53E020C39DC9001F3F58 /* Resources */ = {
			isa = PBXResourcesBuildPhase;
			buildActionMask = 2147483647;
			files = (
				5A842C8120DA89010082C8CF /* YcmccwcY0I0I0IuLY.5cb in Resources */,
				5A51173420D128F2004EEFDA /* bt_tjcp_no@2x.png in Resources */,
				5A51173920D128F2004EEFDA /* reader_more@2x.png in Resources */,
				5A51173520D128F2004EEFDA /* bg_back_white@2x.png in Resources */,
				5ACC53EF20C39DCA001F3F58 /* Assets.xcassets in Resources */,
				5A51173620D128F2004EEFDA /* reader_cover@2x.png in Resources */,
				5A51173820D128F2004EEFDA /* r_drag-dot@2x.png in Resources */,
				5A842C7F20DA89010082C8CF /* YcmccwcY0BB222FqY.5cb in Resources */,
				5A51173220D128F2004EEFDA /* ic_add.png in Resources */,
				5A842C8020DA89010082C8CF /* YcmccwcY0II556rvY.5cb in Resources */,
				5A51172E20D128F2004EEFDA /* reader_moon@2X.png in Resources */,
				5A254C1820C6CACD00C45FF8 /* SGQRCode.bundle in Resources */,
				5A842C8220DA89010082C8CF /* YcmccwcY0II556IyY.5cb in Resources */,
				5A842C8320DA89010082C8CF /* YcmccwcY0II221BvY.5cb in Resources */,
				5A51173020D128F2004EEFDA /* bg_back_white.png in Resources */,
				5A51173320D128F2004EEFDA /* reader_sun@2X.png in Resources */,
				5A51172F20D128F2004EEFDA /* sale_discount_yellow.png in Resources */,
			);
			runOnlyForDeploymentPostprocessing = 0;
		};
/* End PBXResourcesBuildPhase section */

/* Begin PBXShellScriptBuildPhase section */
		0948F1E72B85C8C13561B227 /* [CP] Copy Pods Resources */ = {
			isa = PBXShellScriptBuildPhase;
			buildActionMask = 2147483647;
			files = (
			);
			inputPaths = (
				"${SRCROOT}/../Pods/Target Support Files/Pods-ShuShangShuo/Pods-ShuShangShuo-resources.sh",
				"${PODS_ROOT}/MJRefresh/MJRefresh/MJRefresh.bundle",
			);
			name = "[CP] Copy Pods Resources";
			outputPaths = (
				"${TARGET_BUILD_DIR}/${UNLOCALIZED_RESOURCES_FOLDER_PATH}/MJRefresh.bundle",
			);
			runOnlyForDeploymentPostprocessing = 0;
			shellPath = /bin/sh;
			shellScript = "\"${SRCROOT}/../Pods/Target Support Files/Pods-ShuShangShuo/Pods-ShuShangShuo-resources.sh\"\n";
			showEnvVarsInLog = 0;
		};
		6903ED7574C8398DCD7D5CED /* [CP] Check Pods Manifest.lock */ = {
			isa = PBXShellScriptBuildPhase;
			buildActionMask = 2147483647;
			files = (
			);
			inputPaths = (
				"${PODS_PODFILE_DIR_PATH}/Podfile.lock",
				"${PODS_ROOT}/Manifest.lock",
			);
			name = "[CP] Check Pods Manifest.lock";
			outputPaths = (
				"$(DERIVED_FILE_DIR)/Pods-ShuShangShuo-checkManifestLockResult.txt",
			);
			runOnlyForDeploymentPostprocessing = 0;
			shellPath = /bin/sh;
			shellScript = "diff \"${PODS_PODFILE_DIR_PATH}/Podfile.lock\" \"${PODS_ROOT}/Manifest.lock\" > /dev/null\nif [ $? != 0 ] ; then\n    # print error to STDERR\n    echo \"error: The sandbox is not in sync with the Podfile.lock. Run 'pod install' or update your CocoaPods installation.\" >&2\n    exit 1\nfi\n# This output is used by Xcode 'outputs' to avoid re-running this script phase.\necho \"SUCCESS\" > \"${SCRIPT_OUTPUT_FILE_0}\"\n";
			showEnvVarsInLog = 0;
		};
/* End PBXShellScriptBuildPhase section */

/* Begin PBXSourcesBuildPhase section */
		5ACC53DE20C39DC9001F3F58 /* Sources */ = {
			isa = PBXSourcesBuildPhase;
			buildActionMask = 2147483647;
			files = (
				5A51173C20D128F2004EEFDA /* LSYMarkVC.m in Sources */,
				5ACC542020C50FC6001F3F58 /* NSData+CommonCrypto.m in Sources */,
				5A51174120D1583C004EEFDA /* SVerticalButton.m in Sources */,
				5A51170A20D128F2004EEFDA /* unzip.c in Sources */,
				5A51171620D128F2004EEFDA /* CXMLNode_CreationExtensions.m in Sources */,
				5A254BF420C531BA00C45FF8 /* BookshelfViewController.m in Sources */,
				5A51174F20D16123004EEFDA /* HSDownloadManager.m in Sources */,
				5ACC53F520C39DCA001F3F58 /* main.m in Sources */,
				5A254C2520C6CF9500C45FF8 /* HomeViewController.m in Sources */,
				5A51172B20D128F2004EEFDA /* LSYTopMenuView.m in Sources */,
				5A51172720D128F2004EEFDA /* LSYReadModel.m in Sources */,
				5A51172320D128F2004EEFDA /* LSYReadPageViewController.m in Sources */,
				5A51172520D128F2004EEFDA /* LSYRecordModel.m in Sources */,
				5A51172420D128F2004EEFDA /* LSYMarkModel.m in Sources */,
				5A51171C20D128F2004EEFDA /* CXMLElement.m in Sources */,
				5A51173D20D128F2004EEFDA /* LSYReadView.m in Sources */,
				5A51172D20D128F2004EEFDA /* LSYMagnifierView.m in Sources */,
				5A254C2D20C6D76300C45FF8 /* HistorySearchViewController.m in Sources */,
				5A842C8E20DBDF400082C8CF /* BookInfoModel.m in Sources */,
				5A254C0320C5965C00C45FF8 /* SettingTableCell.m in Sources */,
				5A51174420D160F1004EEFDA /* AESCipher.m in Sources */,
				5A51171120D128F2004EEFDA /* CXMLNamespaceNode.m in Sources */,
				5ACC541320C3C772001F3F58 /* RefreshBaseViewController.m in Sources */,
				5A51173B20D128F2004EEFDA /* LSYChapterVC.m in Sources */,
				5A51170F20D128F2004EEFDA /* CXMLDocument.m in Sources */,
				5A51172920D128F2004EEFDA /* LSYSettingView.m in Sources */,
				5A254C1B20C6CACD00C45FF8 /* SGQRCodeScanningView.m in Sources */,
				5A51171520D128F2004EEFDA /* CXMLElement_ElementTreeExtensions.m in Sources */,
				5A51171220D128F2004EEFDA /* CXMLNode_XPathExtensions.m in Sources */,
				5A51170E20D128F2004EEFDA /* ZipArchive.mm in Sources */,
				5A51170B20D128F2004EEFDA /* zip.c in Sources */,
				5A254BFC20C57F1C00C45FF8 /* SPPageMenu.m in Sources */,
				5A51170920D128F2004EEFDA /* LSYReadUtilites.m in Sources */,
				5A254C1E20C6CACD00C45FF8 /* SGQRCodeAlbumManager.m in Sources */,
				5A51170820D128F2004EEFDA /* LSYReadParser.m in Sources */,
				5A254C0720C6910500C45FF8 /* IPSettingViewController.m in Sources */,
				5A51171E20D128F2004EEFDA /* NSString+HTML.m in Sources */,
				5A51174D20D16123004EEFDA /* HSSessionModel.m in Sources */,
				5A51172120D128F2004EEFDA /* LSYCatalogViewController.m in Sources */,
				5A51172820D128F2004EEFDA /* LSYNoteModel.m in Sources */,
				5ACC541C20C4EA4D001F3F58 /* UIColor+String.m in Sources */,
				5ACC541020C3C74E001F3F58 /* BaseViewController.m in Sources */,
				5A51171020D128F2004EEFDA /* CXMLNode.m in Sources */,
				5ACC53E720C39DC9001F3F58 /* AppDelegate.m in Sources */,
				5A51173A20D128F2004EEFDA /* LSYNoteVC.m in Sources */,
				5ACC540D20C3C729001F3F58 /* BaseNavigationController.m in Sources */,
				5ACC542820C524EE001F3F58 /* STabBar.m in Sources */,
				5A51176020D17B47004EEFDA /* DownLoadEpubFileTool.m in Sources */,
				5A254C2A20C6D4DD00C45FF8 /* BookshelfCollectionCell.m in Sources */,
				5A254C1920C6CACD00C45FF8 /* UIImage+ImageSize.m in Sources */,
				5A51171720D128F2004EEFDA /* CXMLDocument_CreationExtensions.m in Sources */,
				5ACC542320C51047001F3F58 /* PrivacyFuncTool.m in Sources */,
				5A51171D20D128F2004EEFDA /* LSYViewPagerVC.m in Sources */,
				5A254BED20C5284E00C45FF8 /* RootTabBarController.m in Sources */,
				5A51172220D128F2004EEFDA /* LSYReadViewController.m in Sources */,
				5A51170D20D128F2004EEFDA /* mztools.c in Sources */,
				5A51172A20D128F2004EEFDA /* LSYBottomMenuView.m in Sources */,
				5A950D1320D3AA1D0034C521 /* AboutUSViewController.m in Sources */,
				5A51170720D128F2004EEFDA /* LSYReadConfig.m in Sources */,
				5A51172C20D128F2004EEFDA /* LSYMenuView.m in Sources */,
				5A51171920D128F2004EEFDA /* CXMLDocument_PrivateExtensions.m in Sources */,
				5A254C2220C6CC6100C45FF8 /* SGQRCodeScanningVC.m in Sources */,
				5A51171420D128F2004EEFDA /* CXMLUnsupportedNode.m in Sources */,
				5A51171F20D128F2004EEFDA /* UIImage+ImageEffects.m in Sources */,
				5A254C1C20C6CACD00C45FF8 /* SGQRCodeScanManager.m in Sources */,
				5A51175320D161CE004EEFDA /* SProgressHUD.m in Sources */,
				5ACC541720C3CD27001F3F58 /* UIResponder+Router.m in Sources */,
				5A51172020D128F2004EEFDA /* GTMNSString+HTML.m in Sources */,
				5A254C1D20C6CACD00C45FF8 /* SGQRCodeGenerateManager.m in Sources */,
				5A51171A20D128F2004EEFDA /* CXHTMLDocument.m in Sources */,
				5A51171820D128F2004EEFDA /* CTidy.m in Sources */,
				5A51171B20D128F2004EEFDA /* CXMLElement_CreationExtensions.m in Sources */,
				5A51174E20D16123004EEFDA /* NSString+Hash.m in Sources */,
				5A51171320D128F2004EEFDA /* CXMLNode_PrivateExtensions.m in Sources */,
				5A254BE820C5272F00C45FF8 /* UIView+Frame.m in Sources */,
				5A51170C20D128F2004EEFDA /* ioapi.c in Sources */,
				5A254C1A20C6CACD00C45FF8 /* SGQRCodeHelperTool.m in Sources */,
				5A51172620D128F2004EEFDA /* LSYChapterModel.m in Sources */,
				5A254BFF20C58B8600C45FF8 /* SettingViewController.m in Sources */,
				5A842C8A20DB4D810082C8CF /* SearchTableCell.m in Sources */,
			);
			runOnlyForDeploymentPostprocessing = 0;
		};
/* End PBXSourcesBuildPhase section */

/* Begin XCBuildConfiguration section */
		5ACC53F620C39DCA001F3F58 /* Debug */ = {
			isa = XCBuildConfiguration;
			buildSettings = {
				ALWAYS_SEARCH_USER_PATHS = NO;
				CLANG_ANALYZER_NONNULL = YES;
				CLANG_ANALYZER_NUMBER_OBJECT_CONVERSION = YES_AGGRESSIVE;
				CLANG_CXX_LANGUAGE_STANDARD = "gnu++14";
				CLANG_CXX_LIBRARY = "libc++";
				CLANG_ENABLE_MODULES = YES;
				CLANG_ENABLE_OBJC_ARC = YES;
				CLANG_ENABLE_OBJC_WEAK = YES;
				CLANG_WARN_BLOCK_CAPTURE_AUTORELEASING = YES;
				CLANG_WARN_BOOL_CONVERSION = YES;
				CLANG_WARN_COMMA = YES;
				CLANG_WARN_CONSTANT_CONVERSION = YES;
				CLANG_WARN_DEPRECATED_OBJC_IMPLEMENTATIONS = YES;
				CLANG_WARN_DIRECT_OBJC_ISA_USAGE = YES_ERROR;
				CLANG_WARN_DOCUMENTATION_COMMENTS = YES;
				CLANG_WARN_EMPTY_BODY = YES;
				CLANG_WARN_ENUM_CONVERSION = YES;
				CLANG_WARN_INFINITE_RECURSION = YES;
				CLANG_WARN_INT_CONVERSION = YES;
				CLANG_WARN_NON_LITERAL_NULL_CONVERSION = YES;
				CLANG_WARN_OBJC_IMPLICIT_RETAIN_SELF = YES;
				CLANG_WARN_OBJC_LITERAL_CONVERSION = YES;
				CLANG_WARN_OBJC_ROOT_CLASS = YES_ERROR;
				CLANG_WARN_RANGE_LOOP_ANALYSIS = YES;
				CLANG_WARN_STRICT_PROTOTYPES = YES;
				CLANG_WARN_SUSPICIOUS_MOVE = YES;
				CLANG_WARN_UNGUARDED_AVAILABILITY = YES_AGGRESSIVE;
				CLANG_WARN_UNREACHABLE_CODE = YES;
				CLANG_WARN__DUPLICATE_METHOD_MATCH = YES;
				CODE_SIGN_IDENTITY = "iPhone Developer";
				COPY_PHASE_STRIP = NO;
				DEBUG_INFORMATION_FORMAT = dwarf;
				ENABLE_STRICT_OBJC_MSGSEND = YES;
				ENABLE_TESTABILITY = YES;
				GCC_C_LANGUAGE_STANDARD = gnu11;
				GCC_DYNAMIC_NO_PIC = NO;
				GCC_NO_COMMON_BLOCKS = YES;
				GCC_OPTIMIZATION_LEVEL = 0;
				GCC_PREPROCESSOR_DEFINITIONS = (
					"DEBUG=1",
					"$(inherited)",
				);
				GCC_WARN_64_TO_32_BIT_CONVERSION = YES;
				GCC_WARN_ABOUT_RETURN_TYPE = YES_ERROR;
				GCC_WARN_UNDECLARED_SELECTOR = YES;
				GCC_WARN_UNINITIALIZED_AUTOS = YES_AGGRESSIVE;
				GCC_WARN_UNUSED_FUNCTION = YES;
				GCC_WARN_UNUSED_VARIABLE = YES;
				IPHONEOS_DEPLOYMENT_TARGET = 11.3;
				MTL_ENABLE_DEBUG_INFO = YES;
				ONLY_ACTIVE_ARCH = YES;
				SDKROOT = iphoneos;
			};
			name = Debug;
		};
		5ACC53F720C39DCA001F3F58 /* Release */ = {
			isa = XCBuildConfiguration;
			buildSettings = {
				ALWAYS_SEARCH_USER_PATHS = NO;
				CLANG_ANALYZER_NONNULL = YES;
				CLANG_ANALYZER_NUMBER_OBJECT_CONVERSION = YES_AGGRESSIVE;
				CLANG_CXX_LANGUAGE_STANDARD = "gnu++14";
				CLANG_CXX_LIBRARY = "libc++";
				CLANG_ENABLE_MODULES = YES;
				CLANG_ENABLE_OBJC_ARC = YES;
				CLANG_ENABLE_OBJC_WEAK = YES;
				CLANG_WARN_BLOCK_CAPTURE_AUTORELEASING = YES;
				CLANG_WARN_BOOL_CONVERSION = YES;
				CLANG_WARN_COMMA = YES;
				CLANG_WARN_CONSTANT_CONVERSION = YES;
				CLANG_WARN_DEPRECATED_OBJC_IMPLEMENTATIONS = YES;
				CLANG_WARN_DIRECT_OBJC_ISA_USAGE = YES_ERROR;
				CLANG_WARN_DOCUMENTATION_COMMENTS = YES;
				CLANG_WARN_EMPTY_BODY = YES;
				CLANG_WARN_ENUM_CONVERSION = YES;
				CLANG_WARN_INFINITE_RECURSION = YES;
				CLANG_WARN_INT_CONVERSION = YES;
				CLANG_WARN_NON_LITERAL_NULL_CONVERSION = YES;
				CLANG_WARN_OBJC_IMPLICIT_RETAIN_SELF = YES;
				CLANG_WARN_OBJC_LITERAL_CONVERSION = YES;
				CLANG_WARN_OBJC_ROOT_CLASS = YES_ERROR;
				CLANG_WARN_RANGE_LOOP_ANALYSIS = YES;
				CLANG_WARN_STRICT_PROTOTYPES = YES;
				CLANG_WARN_SUSPICIOUS_MOVE = YES;
				CLANG_WARN_UNGUARDED_AVAILABILITY = YES_AGGRESSIVE;
				CLANG_WARN_UNREACHABLE_CODE = YES;
				CLANG_WARN__DUPLICATE_METHOD_MATCH = YES;
				CODE_SIGN_IDENTITY = "iPhone Developer";
				COPY_PHASE_STRIP = NO;
				DEBUG_INFORMATION_FORMAT = "dwarf-with-dsym";
				ENABLE_NS_ASSERTIONS = NO;
				ENABLE_STRICT_OBJC_MSGSEND = YES;
				GCC_C_LANGUAGE_STANDARD = gnu11;
				GCC_NO_COMMON_BLOCKS = YES;
				GCC_WARN_64_TO_32_BIT_CONVERSION = YES;
				GCC_WARN_ABOUT_RETURN_TYPE = YES_ERROR;
				GCC_WARN_UNDECLARED_SELECTOR = YES;
				GCC_WARN_UNINITIALIZED_AUTOS = YES_AGGRESSIVE;
				GCC_WARN_UNUSED_FUNCTION = YES;
				GCC_WARN_UNUSED_VARIABLE = YES;
				IPHONEOS_DEPLOYMENT_TARGET = 11.3;
				MTL_ENABLE_DEBUG_INFO = NO;
				SDKROOT = iphoneos;
				VALIDATE_PRODUCT = YES;
			};
			name = Release;
		};
		5ACC53F920C39DCA001F3F58 /* Debug */ = {
			isa = XCBuildConfiguration;
			baseConfigurationReference = F22207DC375343588A8DB914 /* Pods-ShuShangShuo.debug.xcconfig */;
			buildSettings = {
				ASSETCATALOG_COMPILER_APPICON_NAME = AppIcon;
				ASSETCATALOG_COMPILER_LAUNCHIMAGE_NAME = LaunchImage;
				CODE_SIGN_IDENTITY = "iPhone Developer";
				CODE_SIGN_STYLE = Automatic;
				DEVELOPMENT_TEAM = M2L5D7RWYQ;
				GCC_PREFIX_HEADER = "$(SRCROOT)/ShuShangShuo/Config/PrefixHeader.pch";
				HEADER_SEARCH_PATHS = (
					"$(inherited)",
					"\"${PODS_ROOT}/Headers/Public\"",
					"\"${PODS_ROOT}/Headers/Public/AFNetworking\"",
					"\"${PODS_ROOT}/Headers/Public/Bugly\"",
					"\"${PODS_ROOT}/Headers/Public/DZNEmptyDataSet\"",
					"\"${PODS_ROOT}/Headers/Public/FBRetainCycleDetector\"",
					"\"${PODS_ROOT}/Headers/Public/MBProgressHUD\"",
					"\"${PODS_ROOT}/Headers/Public/MJRefresh\"",
					"\"${PODS_ROOT}/Headers/Public/MLeaksFinder\"",
					"\"${PODS_ROOT}/Headers/Public/Masonry\"",
					"\"${PODS_ROOT}/Headers/Public/SDWebImage\"",
					"\"${PODS_ROOT}/Headers/Public/YYModel\"",
					/usr/include/libxml2,
				);
				INFOPLIST_FILE = ShuShangShuo/Info.plist;
				IPHONEOS_DEPLOYMENT_TARGET = 8.0;
				LD_RUNPATH_SEARCH_PATHS = (
					"$(inherited)",
					"@executable_path/Frameworks",
				);
				PRODUCT_BUNDLE_IDENTIFIER = com.lanmao.ShuShangShuo;
				PRODUCT_NAME = "$(TARGET_NAME)";
				PROVISIONING_PROFILE_SPECIFIER = "";
				TARGETED_DEVICE_FAMILY = "1,2";
			};
			name = Debug;
		};
		5ACC53FA20C39DCA001F3F58 /* Release */ = {
			isa = XCBuildConfiguration;
			baseConfigurationReference = 60D7A78AE2EE54DE3000EF8E /* Pods-ShuShangShuo.release.xcconfig */;
			buildSettings = {
				ASSETCATALOG_COMPILER_APPICON_NAME = AppIcon;
				ASSETCATALOG_COMPILER_LAUNCHIMAGE_NAME = LaunchImage;
				CODE_SIGN_IDENTITY = "iPhone Developer";
				CODE_SIGN_STYLE = Automatic;
				DEVELOPMENT_TEAM = M2L5D7RWYQ;
				GCC_PREFIX_HEADER = "$(SRCROOT)/ShuShangShuo/Config/PrefixHeader.pch";
				HEADER_SEARCH_PATHS = (
					"$(inherited)",
					"\"${PODS_ROOT}/Headers/Public\"",
					"\"${PODS_ROOT}/Headers/Public/AFNetworking\"",
					"\"${PODS_ROOT}/Headers/Public/Bugly\"",
					"\"${PODS_ROOT}/Headers/Public/DZNEmptyDataSet\"",
					"\"${PODS_ROOT}/Headers/Public/FBRetainCycleDetector\"",
					"\"${PODS_ROOT}/Headers/Public/MBProgressHUD\"",
					"\"${PODS_ROOT}/Headers/Public/MJRefresh\"",
					"\"${PODS_ROOT}/Headers/Public/MLeaksFinder\"",
					"\"${PODS_ROOT}/Headers/Public/Masonry\"",
					"\"${PODS_ROOT}/Headers/Public/SDWebImage\"",
					"\"${PODS_ROOT}/Headers/Public/YYModel\"",
					/usr/include/libxml2,
				);
				INFOPLIST_FILE = ShuShangShuo/Info.plist;
				IPHONEOS_DEPLOYMENT_TARGET = 8.0;
				LD_RUNPATH_SEARCH_PATHS = (
					"$(inherited)",
					"@executable_path/Frameworks",
				);
				PRODUCT_BUNDLE_IDENTIFIER = com.lanmao.ShuShangShuo;
				PRODUCT_NAME = "$(TARGET_NAME)";
				PROVISIONING_PROFILE_SPECIFIER = "";
				TARGETED_DEVICE_FAMILY = "1,2";
			};
			name = Release;
		};
/* End XCBuildConfiguration section */

/* Begin XCConfigurationList section */
		5ACC53DD20C39DC9001F3F58 /* Build configuration list for PBXProject "ShuShangShuo" */ = {
			isa = XCConfigurationList;
			buildConfigurations = (
				5ACC53F620C39DCA001F3F58 /* Debug */,
				5ACC53F720C39DCA001F3F58 /* Release */,
			);
			defaultConfigurationIsVisible = 0;
			defaultConfigurationName = Release;
		};
		5ACC53F820C39DCA001F3F58 /* Build configuration list for PBXNativeTarget "ShuShangShuo" */ = {
			isa = XCConfigurationList;
			buildConfigurations = (
				5ACC53F920C39DCA001F3F58 /* Debug */,
				5ACC53FA20C39DCA001F3F58 /* Release */,
			);
			defaultConfigurationIsVisible = 0;
			defaultConfigurationName = Release;
		};
/* End XCConfigurationList section */
	};
	rootObject = 5ACC53DA20C39DC9001F3F58 /* Project object */;
}
